
Microsoft Visual Studio Solution File, Format Version 12.00
# Visual Studio Version 17
VisualStudioVersion = 17.0.31611.283
MinimumVisualStudioVersion = 10.0.40219.1
Project("{9A19103F-16F7-4668-BE54-9A1E7A4F7556}") = "BandCenter.Maui", "BandCenter.Maui\BandCenter.Maui.csproj", "{A52BEAF6-0EA9-4648-8047-7378AA212F51}"
EndProject
Project("{2150E333-8FDC-42A3-9474-1A3956D46DE8}") = "libs", "libs", "{F399C21F-8870-45E5-B7CD-40F93500CF31}"
EndProject
Project("{9A19103F-16F7-4668-BE54-9A1E7A4F7556}") = "Microsoft.Band", "..\libs\band-sdk\src\Microsoft.Band\Microsoft.Band.csproj", "{7AC5B21C-E909-4D66-A9BC-F92525720E49}"
EndProject
Project("{9A19103F-16F7-4668-BE54-9A1E7A4F7556}") = "Microsoft.Band.Uno", "..\libs\band-sdk\src\Microsoft.Band.Uno\Microsoft.Band.Uno.csproj", "{98977187-0556-4ECD-A867-5FE5DAFE508B}"
EndProject
Project("{2150E333-8FDC-42A3-9474-1A3956D46DE8}") = "Uno", "Uno", "{3E4D06C1-560B-4015-80AB-7B2BC13AA769}"
EndProject
Project("{D954291E-2A0B-460D-934E-DC6B0785DB48}") = "BandCenter.Uno.Shared", "BandCenter.Uno\BandCenter.Uno.Shared\BandCenter.Uno.Shared.shproj", "{6279C845-92F8-4333-AB99-3D213163593C}"
EndProject
Project("{2150E333-8FDC-42A3-9474-1A3956D46DE8}") = "Platforms", "Platforms", "{FD666E7F-8747-4479-82BA-65E3386EA52C}"
EndProject
Project("{FAE04EC0-301F-11D3-BF4B-00C04F79EFBC}") = "BandCenter.Uno.Droid", "BandCenter.Uno\BandCenter.Uno.Droid\BandCenter.Uno.Droid.csproj", "{B46C2AD1-6719-4EF3-B07D-8300FAD34C1A}"
	ProjectSection(ProjectDependencies) = postProject
		{5B28E28B-03EE-4441-953B-F20126D5071C} = {5B28E28B-03EE-4441-953B-F20126D5071C}
		{2B8CFAAE-9DD7-4FCD-9157-82EFFDC64307} = {2B8CFAAE-9DD7-4FCD-9157-82EFFDC64307}
	EndProjectSection
EndProject
Project("{FAE04EC0-301F-11D3-BF4B-00C04F79EFBC}") = "BandCenter.Uno.iOS", "BandCenter.Uno\BandCenter.Uno.iOS\BandCenter.Uno.iOS.csproj", "{65232EED-0A5A-4B6D-8736-7FA1FFCF2EE9}"
	ProjectSection(ProjectDependencies) = postProject
		{5B28E28B-03EE-4441-953B-F20126D5071C} = {5B28E28B-03EE-4441-953B-F20126D5071C}
		{2B8CFAAE-9DD7-4FCD-9157-82EFFDC64307} = {2B8CFAAE-9DD7-4FCD-9157-82EFFDC64307}
	EndProjectSection
EndProject
Project("{FAE04EC0-301F-11D3-BF4B-00C04F79EFBC}") = "BandCenter.Uno.UWP", "BandCenter.Uno\BandCenter.Uno.UWP\BandCenter.Uno.UWP.csproj", "{828F151E-E097-4B1D-92EE-AA5D2A231950}"
	ProjectSection(ProjectDependencies) = postProject
		{5B28E28B-03EE-4441-953B-F20126D5071C} = {5B28E28B-03EE-4441-953B-F20126D5071C}
		{2B8CFAAE-9DD7-4FCD-9157-82EFFDC64307} = {2B8CFAAE-9DD7-4FCD-9157-82EFFDC64307}
	EndProjectSection
EndProject
Project("{9A19103F-16F7-4668-BE54-9A1E7A4F7556}") = "BandCenter.Uno.Wasm", "BandCenter.Uno\BandCenter.Uno.Wasm\BandCenter.Uno.Wasm.csproj", "{EAA317A1-168A-41E7-AA00-900470A1979C}"
	ProjectSection(ProjectDependencies) = postProject
		{98977187-0556-4ECD-A867-5FE5DAFE508B} = {98977187-0556-4ECD-A867-5FE5DAFE508B}
		{5B28E28B-03EE-4441-953B-F20126D5071C} = {5B28E28B-03EE-4441-953B-F20126D5071C}
		{2B8CFAAE-9DD7-4FCD-9157-82EFFDC64307} = {2B8CFAAE-9DD7-4FCD-9157-82EFFDC64307}
	EndProjectSection
EndProject
Project("{FAE04EC0-301F-11D3-BF4B-00C04F79EFBC}") = "BandCenter.Uno.macOS", "BandCenter.Uno\BandCenter.Uno.macOS\BandCenter.Uno.macOS.csproj", "{8A1AAECC-43BD-4B2E-8BA6-FC824E71BA22}"
	ProjectSection(ProjectDependencies) = postProject
		{5B28E28B-03EE-4441-953B-F20126D5071C} = {5B28E28B-03EE-4441-953B-F20126D5071C}
		{2B8CFAAE-9DD7-4FCD-9157-82EFFDC64307} = {2B8CFAAE-9DD7-4FCD-9157-82EFFDC64307}
	EndProjectSection
EndProject
Project("{9A19103F-16F7-4668-BE54-9A1E7A4F7556}") = "BandCenter.Uno.Skia.Wpf.Host", "BandCenter.Uno\BandCenter.Uno.Skia.Wpf.Host\BandCenter.Uno.Skia.Wpf.Host.csproj", "{CAC7985F-D75E-43CC-8669-8134EBE849BF}"
EndProject
Project("{9A19103F-16F7-4668-BE54-9A1E7A4F7556}") = "BandCenter.Uno.Skia.Wpf", "BandCenter.Uno\BandCenter.Uno.Skia.Wpf\BandCenter.Uno.Skia.Wpf.csproj", "{2059024C-3D32-4ED9-8AF3-063E3C2CFDCD}"
	ProjectSection(ProjectDependencies) = postProject
		{98977187-0556-4ECD-A867-5FE5DAFE508B} = {98977187-0556-4ECD-A867-5FE5DAFE508B}
		{5B28E28B-03EE-4441-953B-F20126D5071C} = {5B28E28B-03EE-4441-953B-F20126D5071C}
		{2B8CFAAE-9DD7-4FCD-9157-82EFFDC64307} = {2B8CFAAE-9DD7-4FCD-9157-82EFFDC64307}
	EndProjectSection
EndProject
Project("{9A19103F-16F7-4668-BE54-9A1E7A4F7556}") = "BandCenter.Uno.Skia.Gtk", "BandCenter.Uno\BandCenter.Uno.Skia.Gtk\BandCenter.Uno.Skia.Gtk.csproj", "{99146119-1788-4F73-8141-9BE9AA72B2DE}"
	ProjectSection(ProjectDependencies) = postProject
		{98977187-0556-4ECD-A867-5FE5DAFE508B} = {98977187-0556-4ECD-A867-5FE5DAFE508B}
		{5B28E28B-03EE-4441-953B-F20126D5071C} = {5B28E28B-03EE-4441-953B-F20126D5071C}
		{2B8CFAAE-9DD7-4FCD-9157-82EFFDC64307} = {2B8CFAAE-9DD7-4FCD-9157-82EFFDC64307}
	EndProjectSection
EndProject
Project("{9A19103F-16F7-4668-BE54-9A1E7A4F7556}") = "BandCenter.Uno.Skia.Tizen", "BandCenter.Uno\BandCenter.Uno.Skia.Tizen\BandCenter.Uno.Skia.Tizen.csproj", "{4D25B73E-E31F-4E03-AD95-1DC5ACA46077}"
	ProjectSection(ProjectDependencies) = postProject
		{98977187-0556-4ECD-A867-5FE5DAFE508B} = {98977187-0556-4ECD-A867-5FE5DAFE508B}
		{5B28E28B-03EE-4441-953B-F20126D5071C} = {5B28E28B-03EE-4441-953B-F20126D5071C}
		{2B8CFAAE-9DD7-4FCD-9157-82EFFDC64307} = {2B8CFAAE-9DD7-4FCD-9157-82EFFDC64307}
	EndProjectSection
EndProject
Project("{9A19103F-16F7-4668-BE54-9A1E7A4F7556}") = "Microsoft.Band.Admin", "..\libs\band-sdk\src\Admin\Microsoft.Band.Admin\Microsoft.Band.Admin.csproj", "{2B8CFAAE-9DD7-4FCD-9157-82EFFDC64307}"
EndProject
Project("{9A19103F-16F7-4668-BE54-9A1E7A4F7556}") = "Microsoft.Band.Admin.Uno", "..\libs\band-sdk\src\Admin\Microsoft.Band.Admin.Uno\Microsoft.Band.Admin.Uno.csproj", "{5B28E28B-03EE-4441-953B-F20126D5071C}"
EndProject
Global
	GlobalSection(SharedMSBuildProjectFiles) = preSolution
		BandCenter.Uno\BandCenter.Uno.Shared\BandCenter.Uno.Shared.projitems*{2059024c-3d32-4ed9-8af3-063e3c2cfdcd}*SharedItemsImports = 5
		BandCenter.Uno\BandCenter.Uno.Shared\BandCenter.Uno.Shared.projitems*{4d25b73e-e31f-4e03-ad95-1dc5aca46077}*SharedItemsImports = 5
		BandCenter.Uno\BandCenter.Uno.Shared\BandCenter.Uno.Shared.projitems*{6279c845-92f8-4333-ab99-3d213163593c}*SharedItemsImports = 13
		BandCenter.Uno\BandCenter.Uno.Shared\BandCenter.Uno.Shared.projitems*{65232eed-0a5a-4b6d-8736-7fa1ffcf2ee9}*SharedItemsImports = 4
		BandCenter.Uno\BandCenter.Uno.Shared\BandCenter.Uno.Shared.projitems*{828f151e-e097-4b1d-92ee-aa5d2a231950}*SharedItemsImports = 4
		BandCenter.Uno\BandCenter.Uno.Shared\BandCenter.Uno.Shared.projitems*{8a1aaecc-43bd-4b2e-8ba6-fc824e71ba22}*SharedItemsImports = 4
		BandCenter.Uno\BandCenter.Uno.Shared\BandCenter.Uno.Shared.projitems*{99146119-1788-4f73-8141-9be9aa72b2de}*SharedItemsImports = 5
		BandCenter.Uno\BandCenter.Uno.Shared\BandCenter.Uno.Shared.projitems*{b46c2ad1-6719-4ef3-b07d-8300fad34c1a}*SharedItemsImports = 4
		BandCenter.Uno\BandCenter.Uno.Shared\BandCenter.Uno.Shared.projitems*{eaa317a1-168a-41e7-aa00-900470a1979c}*SharedItemsImports = 5
	EndGlobalSection
	GlobalSection(SolutionConfigurationPlatforms) = preSolution
		Ad-Hoc|Any CPU = Ad-Hoc|Any CPU
		Ad-Hoc|ARM = Ad-Hoc|ARM
		Ad-Hoc|ARM64 = Ad-Hoc|ARM64
		Ad-Hoc|iPhone = Ad-Hoc|iPhone
		Ad-Hoc|iPhoneSimulator = Ad-Hoc|iPhoneSimulator
		Ad-Hoc|x64 = Ad-Hoc|x64
		Ad-Hoc|x86 = Ad-Hoc|x86
		AppStore|Any CPU = AppStore|Any CPU
		AppStore|ARM = AppStore|ARM
		AppStore|ARM64 = AppStore|ARM64
		AppStore|iPhone = AppStore|iPhone
		AppStore|iPhoneSimulator = AppStore|iPhoneSimulator
		AppStore|x64 = AppStore|x64
		AppStore|x86 = AppStore|x86
		Debug|Any CPU = Debug|Any CPU
		Debug|ARM = Debug|ARM
		Debug|ARM64 = Debug|ARM64
		Debug|iPhone = Debug|iPhone
		Debug|iPhoneSimulator = Debug|iPhoneSimulator
		Debug|x64 = Debug|x64
		Debug|x86 = Debug|x86
		Release|Any CPU = Release|Any CPU
		Release|ARM = Release|ARM
		Release|ARM64 = Release|ARM64
		Release|iPhone = Release|iPhone
		Release|iPhoneSimulator = Release|iPhoneSimulator
		Release|x64 = Release|x64
		Release|x86 = Release|x86
	EndGlobalSection
	GlobalSection(ProjectConfigurationPlatforms) = postSolution
		{A52BEAF6-0EA9-4648-8047-7378AA212F51}.Ad-Hoc|Any CPU.ActiveCfg = Release|Any CPU
		{A52BEAF6-0EA9-4648-8047-7378AA212F51}.Ad-Hoc|ARM.ActiveCfg = Release|Any CPU
		{A52BEAF6-0EA9-4648-8047-7378AA212F51}.Ad-Hoc|ARM64.ActiveCfg = Release|Any CPU
		{A52BEAF6-0EA9-4648-8047-7378AA212F51}.Ad-Hoc|iPhone.ActiveCfg = Release|Any CPU
		{A52BEAF6-0EA9-4648-8047-7378AA212F51}.Ad-Hoc|iPhoneSimulator.ActiveCfg = Release|Any CPU
		{A52BEAF6-0EA9-4648-8047-7378AA212F51}.Ad-Hoc|x64.ActiveCfg = Release|Any CPU
		{A52BEAF6-0EA9-4648-8047-7378AA212F51}.Ad-Hoc|x86.ActiveCfg = Release|Any CPU
		{A52BEAF6-0EA9-4648-8047-7378AA212F51}.AppStore|Any CPU.ActiveCfg = Release|Any CPU
		{A52BEAF6-0EA9-4648-8047-7378AA212F51}.AppStore|ARM.ActiveCfg = Release|Any CPU
		{A52BEAF6-0EA9-4648-8047-7378AA212F51}.AppStore|ARM64.ActiveCfg = Release|Any CPU
		{A52BEAF6-0EA9-4648-8047-7378AA212F51}.AppStore|iPhone.ActiveCfg = Release|Any CPU
		{A52BEAF6-0EA9-4648-8047-7378AA212F51}.AppStore|iPhoneSimulator.ActiveCfg = Release|Any CPU
		{A52BEAF6-0EA9-4648-8047-7378AA212F51}.AppStore|x64.ActiveCfg = Release|Any CPU
		{A52BEAF6-0EA9-4648-8047-7378AA212F51}.AppStore|x86.ActiveCfg = Release|Any CPU
		{A52BEAF6-0EA9-4648-8047-7378AA212F51}.Debug|Any CPU.ActiveCfg = Debug|Any CPU
		{A52BEAF6-0EA9-4648-8047-7378AA212F51}.Debug|Any CPU.Build.0 = Debug|Any CPU
		{A52BEAF6-0EA9-4648-8047-7378AA212F51}.Debug|Any CPU.Deploy.0 = Debug|Any CPU
		{A52BEAF6-0EA9-4648-8047-7378AA212F51}.Debug|ARM.ActiveCfg = Debug|Any CPU
		{A52BEAF6-0EA9-4648-8047-7378AA212F51}.Debug|ARM64.ActiveCfg = Debug|Any CPU
		{A52BEAF6-0EA9-4648-8047-7378AA212F51}.Debug|iPhone.ActiveCfg = Debug|Any CPU
		{A52BEAF6-0EA9-4648-8047-7378AA212F51}.Debug|iPhoneSimulator.ActiveCfg = Debug|Any CPU
		{A52BEAF6-0EA9-4648-8047-7378AA212F51}.Debug|x64.ActiveCfg = Debug|Any CPU
		{A52BEAF6-0EA9-4648-8047-7378AA212F51}.Debug|x86.ActiveCfg = Debug|Any CPU
		{A52BEAF6-0EA9-4648-8047-7378AA212F51}.Release|Any CPU.ActiveCfg = Release|Any CPU
		{A52BEAF6-0EA9-4648-8047-7378AA212F51}.Release|Any CPU.Build.0 = Release|Any CPU
		{A52BEAF6-0EA9-4648-8047-7378AA212F51}.Release|Any CPU.Deploy.0 = Release|Any CPU
		{A52BEAF6-0EA9-4648-8047-7378AA212F51}.Release|ARM.ActiveCfg = Release|Any CPU
		{A52BEAF6-0EA9-4648-8047-7378AA212F51}.Release|ARM64.ActiveCfg = Release|Any CPU
		{A52BEAF6-0EA9-4648-8047-7378AA212F51}.Release|iPhone.ActiveCfg = Release|Any CPU
		{A52BEAF6-0EA9-4648-8047-7378AA212F51}.Release|iPhoneSimulator.ActiveCfg = Release|Any CPU
		{A52BEAF6-0EA9-4648-8047-7378AA212F51}.Release|x64.ActiveCfg = Release|Any CPU
		{A52BEAF6-0EA9-4648-8047-7378AA212F51}.Release|x86.ActiveCfg = Release|Any CPU
		{7AC5B21C-E909-4D66-A9BC-F92525720E49}.Ad-Hoc|Any CPU.ActiveCfg = Release|Any CPU
		{7AC5B21C-E909-4D66-A9BC-F92525720E49}.Ad-Hoc|Any CPU.Build.0 = Release|Any CPU
		{7AC5B21C-E909-4D66-A9BC-F92525720E49}.Ad-Hoc|ARM.ActiveCfg = Release|Any CPU
		{7AC5B21C-E909-4D66-A9BC-F92525720E49}.Ad-Hoc|ARM.Build.0 = Release|Any CPU
		{7AC5B21C-E909-4D66-A9BC-F92525720E49}.Ad-Hoc|ARM64.ActiveCfg = Release|Any CPU
		{7AC5B21C-E909-4D66-A9BC-F92525720E49}.Ad-Hoc|ARM64.Build.0 = Release|Any CPU
		{7AC5B21C-E909-4D66-A9BC-F92525720E49}.Ad-Hoc|iPhone.ActiveCfg = Release|Any CPU
		{7AC5B21C-E909-4D66-A9BC-F92525720E49}.Ad-Hoc|iPhone.Build.0 = Release|Any CPU
		{7AC5B21C-E909-4D66-A9BC-F92525720E49}.Ad-Hoc|iPhoneSimulator.ActiveCfg = Release|Any CPU
		{7AC5B21C-E909-4D66-A9BC-F92525720E49}.Ad-Hoc|iPhoneSimulator.Build.0 = Release|Any CPU
		{7AC5B21C-E909-4D66-A9BC-F92525720E49}.Ad-Hoc|x64.ActiveCfg = Release|Any CPU
		{7AC5B21C-E909-4D66-A9BC-F92525720E49}.Ad-Hoc|x64.Build.0 = Release|Any CPU
		{7AC5B21C-E909-4D66-A9BC-F92525720E49}.Ad-Hoc|x86.ActiveCfg = Release|Any CPU
		{7AC5B21C-E909-4D66-A9BC-F92525720E49}.Ad-Hoc|x86.Build.0 = Release|Any CPU
		{7AC5B21C-E909-4D66-A9BC-F92525720E49}.AppStore|Any CPU.ActiveCfg = Release|Any CPU
		{7AC5B21C-E909-4D66-A9BC-F92525720E49}.AppStore|Any CPU.Build.0 = Release|Any CPU
		{7AC5B21C-E909-4D66-A9BC-F92525720E49}.AppStore|ARM.ActiveCfg = Release|Any CPU
		{7AC5B21C-E909-4D66-A9BC-F92525720E49}.AppStore|ARM.Build.0 = Release|Any CPU
		{7AC5B21C-E909-4D66-A9BC-F92525720E49}.AppStore|ARM64.ActiveCfg = Release|Any CPU
		{7AC5B21C-E909-4D66-A9BC-F92525720E49}.AppStore|ARM64.Build.0 = Release|Any CPU
		{7AC5B21C-E909-4D66-A9BC-F92525720E49}.AppStore|iPhone.ActiveCfg = Release|Any CPU
		{7AC5B21C-E909-4D66-A9BC-F92525720E49}.AppStore|iPhone.Build.0 = Release|Any CPU
		{7AC5B21C-E909-4D66-A9BC-F92525720E49}.AppStore|iPhoneSimulator.ActiveCfg = Release|Any CPU
		{7AC5B21C-E909-4D66-A9BC-F92525720E49}.AppStore|iPhoneSimulator.Build.0 = Release|Any CPU
		{7AC5B21C-E909-4D66-A9BC-F92525720E49}.AppStore|x64.ActiveCfg = Release|Any CPU
		{7AC5B21C-E909-4D66-A9BC-F92525720E49}.AppStore|x64.Build.0 = Release|Any CPU
		{7AC5B21C-E909-4D66-A9BC-F92525720E49}.AppStore|x86.ActiveCfg = Release|Any CPU
		{7AC5B21C-E909-4D66-A9BC-F92525720E49}.AppStore|x86.Build.0 = Release|Any CPU
		{7AC5B21C-E909-4D66-A9BC-F92525720E49}.Debug|Any CPU.ActiveCfg = Debug|Any CPU
		{7AC5B21C-E909-4D66-A9BC-F92525720E49}.Debug|Any CPU.Build.0 = Debug|Any CPU
		{7AC5B21C-E909-4D66-A9BC-F92525720E49}.Debug|ARM.ActiveCfg = Debug|Any CPU
		{7AC5B21C-E909-4D66-A9BC-F92525720E49}.Debug|ARM.Build.0 = Debug|Any CPU
		{7AC5B21C-E909-4D66-A9BC-F92525720E49}.Debug|ARM64.ActiveCfg = Debug|Any CPU
		{7AC5B21C-E909-4D66-A9BC-F92525720E49}.Debug|ARM64.Build.0 = Debug|Any CPU
		{7AC5B21C-E909-4D66-A9BC-F92525720E49}.Debug|iPhone.ActiveCfg = Debug|Any CPU
		{7AC5B21C-E909-4D66-A9BC-F92525720E49}.Debug|iPhone.Build.0 = Debug|Any CPU
		{7AC5B21C-E909-4D66-A9BC-F92525720E49}.Debug|iPhoneSimulator.ActiveCfg = Debug|Any CPU
		{7AC5B21C-E909-4D66-A9BC-F92525720E49}.Debug|iPhoneSimulator.Build.0 = Debug|Any CPU
		{7AC5B21C-E909-4D66-A9BC-F92525720E49}.Debug|x64.ActiveCfg = Debug|Any CPU
		{7AC5B21C-E909-4D66-A9BC-F92525720E49}.Debug|x64.Build.0 = Debug|Any CPU
		{7AC5B21C-E909-4D66-A9BC-F92525720E49}.Debug|x86.ActiveCfg = Debug|Any CPU
		{7AC5B21C-E909-4D66-A9BC-F92525720E49}.Debug|x86.Build.0 = Debug|Any CPU
		{7AC5B21C-E909-4D66-A9BC-F92525720E49}.Release|Any CPU.ActiveCfg = Release|Any CPU
		{7AC5B21C-E909-4D66-A9BC-F92525720E49}.Release|Any CPU.Build.0 = Release|Any CPU
		{7AC5B21C-E909-4D66-A9BC-F92525720E49}.Release|ARM.ActiveCfg = Release|Any CPU
		{7AC5B21C-E909-4D66-A9BC-F92525720E49}.Release|ARM.Build.0 = Release|Any CPU
		{7AC5B21C-E909-4D66-A9BC-F92525720E49}.Release|ARM64.ActiveCfg = Release|Any CPU
		{7AC5B21C-E909-4D66-A9BC-F92525720E49}.Release|ARM64.Build.0 = Release|Any CPU
		{7AC5B21C-E909-4D66-A9BC-F92525720E49}.Release|iPhone.ActiveCfg = Release|Any CPU
		{7AC5B21C-E909-4D66-A9BC-F92525720E49}.Release|iPhone.Build.0 = Release|Any CPU
		{7AC5B21C-E909-4D66-A9BC-F92525720E49}.Release|iPhoneSimulator.ActiveCfg = Release|Any CPU
		{7AC5B21C-E909-4D66-A9BC-F92525720E49}.Release|iPhoneSimulator.Build.0 = Release|Any CPU
		{7AC5B21C-E909-4D66-A9BC-F92525720E49}.Release|x64.ActiveCfg = Release|Any CPU
		{7AC5B21C-E909-4D66-A9BC-F92525720E49}.Release|x64.Build.0 = Release|Any CPU
		{7AC5B21C-E909-4D66-A9BC-F92525720E49}.Release|x86.ActiveCfg = Release|Any CPU
		{7AC5B21C-E909-4D66-A9BC-F92525720E49}.Release|x86.Build.0 = Release|Any CPU
		{98977187-0556-4ECD-A867-5FE5DAFE508B}.Ad-Hoc|Any CPU.ActiveCfg = Release|Any CPU
		{98977187-0556-4ECD-A867-5FE5DAFE508B}.Ad-Hoc|Any CPU.Build.0 = Release|Any CPU
		{98977187-0556-4ECD-A867-5FE5DAFE508B}.Ad-Hoc|ARM.ActiveCfg = Release|Any CPU
		{98977187-0556-4ECD-A867-5FE5DAFE508B}.Ad-Hoc|ARM.Build.0 = Release|Any CPU
		{98977187-0556-4ECD-A867-5FE5DAFE508B}.Ad-Hoc|ARM64.ActiveCfg = Release|Any CPU
		{98977187-0556-4ECD-A867-5FE5DAFE508B}.Ad-Hoc|ARM64.Build.0 = Release|Any CPU
		{98977187-0556-4ECD-A867-5FE5DAFE508B}.Ad-Hoc|iPhone.ActiveCfg = Release|Any CPU
		{98977187-0556-4ECD-A867-5FE5DAFE508B}.Ad-Hoc|iPhone.Build.0 = Release|Any CPU
		{98977187-0556-4ECD-A867-5FE5DAFE508B}.Ad-Hoc|iPhoneSimulator.ActiveCfg = Release|Any CPU
		{98977187-0556-4ECD-A867-5FE5DAFE508B}.Ad-Hoc|iPhoneSimulator.Build.0 = Release|Any CPU
		{98977187-0556-4ECD-A867-5FE5DAFE508B}.Ad-Hoc|x64.ActiveCfg = Release|Any CPU
		{98977187-0556-4ECD-A867-5FE5DAFE508B}.Ad-Hoc|x64.Build.0 = Release|Any CPU
		{98977187-0556-4ECD-A867-5FE5DAFE508B}.Ad-Hoc|x86.ActiveCfg = Release|Any CPU
		{98977187-0556-4ECD-A867-5FE5DAFE508B}.Ad-Hoc|x86.Build.0 = Release|Any CPU
		{98977187-0556-4ECD-A867-5FE5DAFE508B}.AppStore|Any CPU.ActiveCfg = Release|Any CPU
		{98977187-0556-4ECD-A867-5FE5DAFE508B}.AppStore|Any CPU.Build.0 = Release|Any CPU
		{98977187-0556-4ECD-A867-5FE5DAFE508B}.AppStore|ARM.ActiveCfg = Release|Any CPU
		{98977187-0556-4ECD-A867-5FE5DAFE508B}.AppStore|ARM.Build.0 = Release|Any CPU
		{98977187-0556-4ECD-A867-5FE5DAFE508B}.AppStore|ARM64.ActiveCfg = Release|Any CPU
		{98977187-0556-4ECD-A867-5FE5DAFE508B}.AppStore|ARM64.Build.0 = Release|Any CPU
		{98977187-0556-4ECD-A867-5FE5DAFE508B}.AppStore|iPhone.ActiveCfg = Release|Any CPU
		{98977187-0556-4ECD-A867-5FE5DAFE508B}.AppStore|iPhone.Build.0 = Release|Any CPU
		{98977187-0556-4ECD-A867-5FE5DAFE508B}.AppStore|iPhoneSimulator.ActiveCfg = Release|Any CPU
		{98977187-0556-4ECD-A867-5FE5DAFE508B}.AppStore|iPhoneSimulator.Build.0 = Release|Any CPU
		{98977187-0556-4ECD-A867-5FE5DAFE508B}.AppStore|x64.ActiveCfg = Release|Any CPU
		{98977187-0556-4ECD-A867-5FE5DAFE508B}.AppStore|x64.Build.0 = Release|Any CPU
		{98977187-0556-4ECD-A867-5FE5DAFE508B}.AppStore|x86.ActiveCfg = Release|Any CPU
		{98977187-0556-4ECD-A867-5FE5DAFE508B}.AppStore|x86.Build.0 = Release|Any CPU
		{98977187-0556-4ECD-A867-5FE5DAFE508B}.Debug|Any CPU.ActiveCfg = Debug|Any CPU
		{98977187-0556-4ECD-A867-5FE5DAFE508B}.Debug|Any CPU.Build.0 = Debug|Any CPU
		{98977187-0556-4ECD-A867-5FE5DAFE508B}.Debug|ARM.ActiveCfg = Debug|Any CPU
		{98977187-0556-4ECD-A867-5FE5DAFE508B}.Debug|ARM.Build.0 = Debug|Any CPU
		{98977187-0556-4ECD-A867-5FE5DAFE508B}.Debug|ARM64.ActiveCfg = Debug|Any CPU
		{98977187-0556-4ECD-A867-5FE5DAFE508B}.Debug|ARM64.Build.0 = Debug|Any CPU
		{98977187-0556-4ECD-A867-5FE5DAFE508B}.Debug|iPhone.ActiveCfg = Debug|Any CPU
		{98977187-0556-4ECD-A867-5FE5DAFE508B}.Debug|iPhone.Build.0 = Debug|Any CPU
		{98977187-0556-4ECD-A867-5FE5DAFE508B}.Debug|iPhoneSimulator.ActiveCfg = Debug|Any CPU
		{98977187-0556-4ECD-A867-5FE5DAFE508B}.Debug|iPhoneSimulator.Build.0 = Debug|Any CPU
		{98977187-0556-4ECD-A867-5FE5DAFE508B}.Debug|x64.ActiveCfg = Debug|Any CPU
		{98977187-0556-4ECD-A867-5FE5DAFE508B}.Debug|x64.Build.0 = Debug|Any CPU
		{98977187-0556-4ECD-A867-5FE5DAFE508B}.Debug|x86.ActiveCfg = Debug|Any CPU
		{98977187-0556-4ECD-A867-5FE5DAFE508B}.Debug|x86.Build.0 = Debug|Any CPU
		{98977187-0556-4ECD-A867-5FE5DAFE508B}.Release|Any CPU.ActiveCfg = Release|Any CPU
		{98977187-0556-4ECD-A867-5FE5DAFE508B}.Release|Any CPU.Build.0 = Release|Any CPU
		{98977187-0556-4ECD-A867-5FE5DAFE508B}.Release|ARM.ActiveCfg = Release|Any CPU
		{98977187-0556-4ECD-A867-5FE5DAFE508B}.Release|ARM.Build.0 = Release|Any CPU
		{98977187-0556-4ECD-A867-5FE5DAFE508B}.Release|ARM64.ActiveCfg = Release|Any CPU
		{98977187-0556-4ECD-A867-5FE5DAFE508B}.Release|ARM64.Build.0 = Release|Any CPU
		{98977187-0556-4ECD-A867-5FE5DAFE508B}.Release|iPhone.ActiveCfg = Release|Any CPU
		{98977187-0556-4ECD-A867-5FE5DAFE508B}.Release|iPhone.Build.0 = Release|Any CPU
		{98977187-0556-4ECD-A867-5FE5DAFE508B}.Release|iPhoneSimulator.ActiveCfg = Release|Any CPU
		{98977187-0556-4ECD-A867-5FE5DAFE508B}.Release|iPhoneSimulator.Build.0 = Release|Any CPU
		{98977187-0556-4ECD-A867-5FE5DAFE508B}.Release|x64.ActiveCfg = Release|Any CPU
		{98977187-0556-4ECD-A867-5FE5DAFE508B}.Release|x64.Build.0 = Release|Any CPU
		{98977187-0556-4ECD-A867-5FE5DAFE508B}.Release|x86.ActiveCfg = Release|Any CPU
		{98977187-0556-4ECD-A867-5FE5DAFE508B}.Release|x86.Build.0 = Release|Any CPU
		{B46C2AD1-6719-4EF3-B07D-8300FAD34C1A}.Ad-Hoc|Any CPU.ActiveCfg = Debug|Any CPU
		{B46C2AD1-6719-4EF3-B07D-8300FAD34C1A}.Ad-Hoc|Any CPU.Build.0 = Debug|Any CPU
		{B46C2AD1-6719-4EF3-B07D-8300FAD34C1A}.Ad-Hoc|Any CPU.Deploy.0 = Debug|Any CPU
		{B46C2AD1-6719-4EF3-B07D-8300FAD34C1A}.Ad-Hoc|ARM.ActiveCfg = Debug|Any CPU
		{B46C2AD1-6719-4EF3-B07D-8300FAD34C1A}.Ad-Hoc|ARM.Build.0 = Debug|Any CPU
		{B46C2AD1-6719-4EF3-B07D-8300FAD34C1A}.Ad-Hoc|ARM.Deploy.0 = Debug|Any CPU
		{B46C2AD1-6719-4EF3-B07D-8300FAD34C1A}.Ad-Hoc|ARM64.ActiveCfg = Debug|Any CPU
		{B46C2AD1-6719-4EF3-B07D-8300FAD34C1A}.Ad-Hoc|ARM64.Build.0 = Debug|Any CPU
		{B46C2AD1-6719-4EF3-B07D-8300FAD34C1A}.Ad-Hoc|ARM64.Deploy.0 = Debug|Any CPU
		{B46C2AD1-6719-4EF3-B07D-8300FAD34C1A}.Ad-Hoc|iPhone.ActiveCfg = Debug|Any CPU
		{B46C2AD1-6719-4EF3-B07D-8300FAD34C1A}.Ad-Hoc|iPhone.Build.0 = Debug|Any CPU
		{B46C2AD1-6719-4EF3-B07D-8300FAD34C1A}.Ad-Hoc|iPhone.Deploy.0 = Debug|Any CPU
		{B46C2AD1-6719-4EF3-B07D-8300FAD34C1A}.Ad-Hoc|iPhoneSimulator.ActiveCfg = Debug|Any CPU
		{B46C2AD1-6719-4EF3-B07D-8300FAD34C1A}.Ad-Hoc|iPhoneSimulator.Build.0 = Debug|Any CPU
		{B46C2AD1-6719-4EF3-B07D-8300FAD34C1A}.Ad-Hoc|iPhoneSimulator.Deploy.0 = Debug|Any CPU
		{B46C2AD1-6719-4EF3-B07D-8300FAD34C1A}.Ad-Hoc|x64.ActiveCfg = Debug|Any CPU
		{B46C2AD1-6719-4EF3-B07D-8300FAD34C1A}.Ad-Hoc|x64.Build.0 = Debug|Any CPU
		{B46C2AD1-6719-4EF3-B07D-8300FAD34C1A}.Ad-Hoc|x64.Deploy.0 = Debug|Any CPU
		{B46C2AD1-6719-4EF3-B07D-8300FAD34C1A}.Ad-Hoc|x86.ActiveCfg = Debug|Any CPU
		{B46C2AD1-6719-4EF3-B07D-8300FAD34C1A}.Ad-Hoc|x86.Build.0 = Debug|Any CPU
		{B46C2AD1-6719-4EF3-B07D-8300FAD34C1A}.Ad-Hoc|x86.Deploy.0 = Debug|Any CPU
		{B46C2AD1-6719-4EF3-B07D-8300FAD34C1A}.AppStore|Any CPU.ActiveCfg = Debug|Any CPU
		{B46C2AD1-6719-4EF3-B07D-8300FAD34C1A}.AppStore|Any CPU.Build.0 = Debug|Any CPU
		{B46C2AD1-6719-4EF3-B07D-8300FAD34C1A}.AppStore|Any CPU.Deploy.0 = Debug|Any CPU
		{B46C2AD1-6719-4EF3-B07D-8300FAD34C1A}.AppStore|ARM.ActiveCfg = Debug|Any CPU
		{B46C2AD1-6719-4EF3-B07D-8300FAD34C1A}.AppStore|ARM.Build.0 = Debug|Any CPU
		{B46C2AD1-6719-4EF3-B07D-8300FAD34C1A}.AppStore|ARM.Deploy.0 = Debug|Any CPU
		{B46C2AD1-6719-4EF3-B07D-8300FAD34C1A}.AppStore|ARM64.ActiveCfg = Debug|Any CPU
		{B46C2AD1-6719-4EF3-B07D-8300FAD34C1A}.AppStore|ARM64.Build.0 = Debug|Any CPU
		{B46C2AD1-6719-4EF3-B07D-8300FAD34C1A}.AppStore|ARM64.Deploy.0 = Debug|Any CPU
		{B46C2AD1-6719-4EF3-B07D-8300FAD34C1A}.AppStore|iPhone.ActiveCfg = Debug|Any CPU
		{B46C2AD1-6719-4EF3-B07D-8300FAD34C1A}.AppStore|iPhone.Build.0 = Debug|Any CPU
		{B46C2AD1-6719-4EF3-B07D-8300FAD34C1A}.AppStore|iPhone.Deploy.0 = Debug|Any CPU
		{B46C2AD1-6719-4EF3-B07D-8300FAD34C1A}.AppStore|iPhoneSimulator.ActiveCfg = Debug|Any CPU
		{B46C2AD1-6719-4EF3-B07D-8300FAD34C1A}.AppStore|iPhoneSimulator.Build.0 = Debug|Any CPU
		{B46C2AD1-6719-4EF3-B07D-8300FAD34C1A}.AppStore|iPhoneSimulator.Deploy.0 = Debug|Any CPU
		{B46C2AD1-6719-4EF3-B07D-8300FAD34C1A}.AppStore|x64.ActiveCfg = Debug|Any CPU
		{B46C2AD1-6719-4EF3-B07D-8300FAD34C1A}.AppStore|x64.Build.0 = Debug|Any CPU
		{B46C2AD1-6719-4EF3-B07D-8300FAD34C1A}.AppStore|x64.Deploy.0 = Debug|Any CPU
		{B46C2AD1-6719-4EF3-B07D-8300FAD34C1A}.AppStore|x86.ActiveCfg = Debug|Any CPU
		{B46C2AD1-6719-4EF3-B07D-8300FAD34C1A}.AppStore|x86.Build.0 = Debug|Any CPU
		{B46C2AD1-6719-4EF3-B07D-8300FAD34C1A}.AppStore|x86.Deploy.0 = Debug|Any CPU
		{B46C2AD1-6719-4EF3-B07D-8300FAD34C1A}.Debug|Any CPU.ActiveCfg = Debug|Any CPU
		{B46C2AD1-6719-4EF3-B07D-8300FAD34C1A}.Debug|Any CPU.Build.0 = Debug|Any CPU
		{B46C2AD1-6719-4EF3-B07D-8300FAD34C1A}.Debug|Any CPU.Deploy.0 = Debug|Any CPU
		{B46C2AD1-6719-4EF3-B07D-8300FAD34C1A}.Debug|ARM.ActiveCfg = Debug|Any CPU
		{B46C2AD1-6719-4EF3-B07D-8300FAD34C1A}.Debug|ARM.Build.0 = Debug|Any CPU
		{B46C2AD1-6719-4EF3-B07D-8300FAD34C1A}.Debug|ARM.Deploy.0 = Debug|Any CPU
		{B46C2AD1-6719-4EF3-B07D-8300FAD34C1A}.Debug|ARM64.ActiveCfg = Debug|Any CPU
		{B46C2AD1-6719-4EF3-B07D-8300FAD34C1A}.Debug|ARM64.Build.0 = Debug|Any CPU
		{B46C2AD1-6719-4EF3-B07D-8300FAD34C1A}.Debug|ARM64.Deploy.0 = Debug|Any CPU
		{B46C2AD1-6719-4EF3-B07D-8300FAD34C1A}.Debug|iPhone.ActiveCfg = Debug|Any CPU
		{B46C2AD1-6719-4EF3-B07D-8300FAD34C1A}.Debug|iPhone.Build.0 = Debug|Any CPU
		{B46C2AD1-6719-4EF3-B07D-8300FAD34C1A}.Debug|iPhone.Deploy.0 = Debug|Any CPU
		{B46C2AD1-6719-4EF3-B07D-8300FAD34C1A}.Debug|iPhoneSimulator.ActiveCfg = Debug|Any CPU
		{B46C2AD1-6719-4EF3-B07D-8300FAD34C1A}.Debug|iPhoneSimulator.Build.0 = Debug|Any CPU
		{B46C2AD1-6719-4EF3-B07D-8300FAD34C1A}.Debug|iPhoneSimulator.Deploy.0 = Debug|Any CPU
		{B46C2AD1-6719-4EF3-B07D-8300FAD34C1A}.Debug|x64.ActiveCfg = Debug|Any CPU
		{B46C2AD1-6719-4EF3-B07D-8300FAD34C1A}.Debug|x64.Build.0 = Debug|Any CPU
		{B46C2AD1-6719-4EF3-B07D-8300FAD34C1A}.Debug|x64.Deploy.0 = Debug|Any CPU
		{B46C2AD1-6719-4EF3-B07D-8300FAD34C1A}.Debug|x86.ActiveCfg = Debug|Any CPU
		{B46C2AD1-6719-4EF3-B07D-8300FAD34C1A}.Debug|x86.Build.0 = Debug|Any CPU
		{B46C2AD1-6719-4EF3-B07D-8300FAD34C1A}.Debug|x86.Deploy.0 = Debug|Any CPU
		{B46C2AD1-6719-4EF3-B07D-8300FAD34C1A}.Release|Any CPU.ActiveCfg = Release|Any CPU
		{B46C2AD1-6719-4EF3-B07D-8300FAD34C1A}.Release|Any CPU.Build.0 = Release|Any CPU
		{B46C2AD1-6719-4EF3-B07D-8300FAD34C1A}.Release|Any CPU.Deploy.0 = Release|Any CPU
		{B46C2AD1-6719-4EF3-B07D-8300FAD34C1A}.Release|ARM.ActiveCfg = Release|Any CPU
		{B46C2AD1-6719-4EF3-B07D-8300FAD34C1A}.Release|ARM.Build.0 = Release|Any CPU
		{B46C2AD1-6719-4EF3-B07D-8300FAD34C1A}.Release|ARM.Deploy.0 = Release|Any CPU
		{B46C2AD1-6719-4EF3-B07D-8300FAD34C1A}.Release|ARM64.ActiveCfg = Release|Any CPU
		{B46C2AD1-6719-4EF3-B07D-8300FAD34C1A}.Release|ARM64.Build.0 = Release|Any CPU
		{B46C2AD1-6719-4EF3-B07D-8300FAD34C1A}.Release|ARM64.Deploy.0 = Release|Any CPU
		{B46C2AD1-6719-4EF3-B07D-8300FAD34C1A}.Release|iPhone.ActiveCfg = Release|Any CPU
		{B46C2AD1-6719-4EF3-B07D-8300FAD34C1A}.Release|iPhone.Build.0 = Release|Any CPU
		{B46C2AD1-6719-4EF3-B07D-8300FAD34C1A}.Release|iPhone.Deploy.0 = Release|Any CPU
		{B46C2AD1-6719-4EF3-B07D-8300FAD34C1A}.Release|iPhoneSimulator.ActiveCfg = Release|Any CPU
		{B46C2AD1-6719-4EF3-B07D-8300FAD34C1A}.Release|iPhoneSimulator.Build.0 = Release|Any CPU
		{B46C2AD1-6719-4EF3-B07D-8300FAD34C1A}.Release|iPhoneSimulator.Deploy.0 = Release|Any CPU
		{B46C2AD1-6719-4EF3-B07D-8300FAD34C1A}.Release|x64.ActiveCfg = Release|Any CPU
		{B46C2AD1-6719-4EF3-B07D-8300FAD34C1A}.Release|x64.Build.0 = Release|Any CPU
		{B46C2AD1-6719-4EF3-B07D-8300FAD34C1A}.Release|x64.Deploy.0 = Release|Any CPU
		{B46C2AD1-6719-4EF3-B07D-8300FAD34C1A}.Release|x86.ActiveCfg = Release|Any CPU
		{B46C2AD1-6719-4EF3-B07D-8300FAD34C1A}.Release|x86.Build.0 = Release|Any CPU
		{B46C2AD1-6719-4EF3-B07D-8300FAD34C1A}.Release|x86.Deploy.0 = Release|Any CPU
		{65232EED-0A5A-4B6D-8736-7FA1FFCF2EE9}.Ad-Hoc|Any CPU.ActiveCfg = Ad-Hoc|iPhoneSimulator
		{65232EED-0A5A-4B6D-8736-7FA1FFCF2EE9}.Ad-Hoc|Any CPU.Build.0 = Ad-Hoc|iPhoneSimulator
		{65232EED-0A5A-4B6D-8736-7FA1FFCF2EE9}.Ad-Hoc|ARM.ActiveCfg = Ad-Hoc|iPhoneSimulator
		{65232EED-0A5A-4B6D-8736-7FA1FFCF2EE9}.Ad-Hoc|ARM.Build.0 = Ad-Hoc|iPhoneSimulator
		{65232EED-0A5A-4B6D-8736-7FA1FFCF2EE9}.Ad-Hoc|ARM64.ActiveCfg = Ad-Hoc|iPhoneSimulator
		{65232EED-0A5A-4B6D-8736-7FA1FFCF2EE9}.Ad-Hoc|ARM64.Build.0 = Ad-Hoc|iPhoneSimulator
		{65232EED-0A5A-4B6D-8736-7FA1FFCF2EE9}.Ad-Hoc|iPhone.ActiveCfg = Ad-Hoc|iPhone
		{65232EED-0A5A-4B6D-8736-7FA1FFCF2EE9}.Ad-Hoc|iPhone.Build.0 = Ad-Hoc|iPhone
		{65232EED-0A5A-4B6D-8736-7FA1FFCF2EE9}.Ad-Hoc|iPhoneSimulator.ActiveCfg = Ad-Hoc|iPhoneSimulator
		{65232EED-0A5A-4B6D-8736-7FA1FFCF2EE9}.Ad-Hoc|iPhoneSimulator.Build.0 = Ad-Hoc|iPhoneSimulator
		{65232EED-0A5A-4B6D-8736-7FA1FFCF2EE9}.Ad-Hoc|x64.ActiveCfg = Ad-Hoc|iPhoneSimulator
		{65232EED-0A5A-4B6D-8736-7FA1FFCF2EE9}.Ad-Hoc|x64.Build.0 = Ad-Hoc|iPhoneSimulator
		{65232EED-0A5A-4B6D-8736-7FA1FFCF2EE9}.Ad-Hoc|x86.ActiveCfg = Ad-Hoc|iPhoneSimulator
		{65232EED-0A5A-4B6D-8736-7FA1FFCF2EE9}.Ad-Hoc|x86.Build.0 = Ad-Hoc|iPhoneSimulator
		{65232EED-0A5A-4B6D-8736-7FA1FFCF2EE9}.AppStore|Any CPU.ActiveCfg = AppStore|iPhoneSimulator
		{65232EED-0A5A-4B6D-8736-7FA1FFCF2EE9}.AppStore|Any CPU.Build.0 = AppStore|iPhoneSimulator
		{65232EED-0A5A-4B6D-8736-7FA1FFCF2EE9}.AppStore|ARM.ActiveCfg = AppStore|iPhoneSimulator
		{65232EED-0A5A-4B6D-8736-7FA1FFCF2EE9}.AppStore|ARM.Build.0 = AppStore|iPhoneSimulator
		{65232EED-0A5A-4B6D-8736-7FA1FFCF2EE9}.AppStore|ARM64.ActiveCfg = AppStore|iPhoneSimulator
		{65232EED-0A5A-4B6D-8736-7FA1FFCF2EE9}.AppStore|ARM64.Build.0 = AppStore|iPhoneSimulator
		{65232EED-0A5A-4B6D-8736-7FA1FFCF2EE9}.AppStore|iPhone.ActiveCfg = AppStore|iPhone
		{65232EED-0A5A-4B6D-8736-7FA1FFCF2EE9}.AppStore|iPhone.Build.0 = AppStore|iPhone
		{65232EED-0A5A-4B6D-8736-7FA1FFCF2EE9}.AppStore|iPhoneSimulator.ActiveCfg = AppStore|iPhoneSimulator
		{65232EED-0A5A-4B6D-8736-7FA1FFCF2EE9}.AppStore|iPhoneSimulator.Build.0 = AppStore|iPhoneSimulator
		{65232EED-0A5A-4B6D-8736-7FA1FFCF2EE9}.AppStore|x64.ActiveCfg = AppStore|iPhoneSimulator
		{65232EED-0A5A-4B6D-8736-7FA1FFCF2EE9}.AppStore|x64.Build.0 = AppStore|iPhoneSimulator
		{65232EED-0A5A-4B6D-8736-7FA1FFCF2EE9}.AppStore|x86.ActiveCfg = AppStore|iPhoneSimulator
		{65232EED-0A5A-4B6D-8736-7FA1FFCF2EE9}.AppStore|x86.Build.0 = AppStore|iPhoneSimulator
		{65232EED-0A5A-4B6D-8736-7FA1FFCF2EE9}.Debug|Any CPU.ActiveCfg = Debug|iPhoneSimulator
		{65232EED-0A5A-4B6D-8736-7FA1FFCF2EE9}.Debug|Any CPU.Build.0 = Debug|iPhoneSimulator
		{65232EED-0A5A-4B6D-8736-7FA1FFCF2EE9}.Debug|ARM.ActiveCfg = Debug|iPhoneSimulator
		{65232EED-0A5A-4B6D-8736-7FA1FFCF2EE9}.Debug|ARM.Build.0 = Debug|iPhoneSimulator
		{65232EED-0A5A-4B6D-8736-7FA1FFCF2EE9}.Debug|ARM64.ActiveCfg = Debug|iPhoneSimulator
		{65232EED-0A5A-4B6D-8736-7FA1FFCF2EE9}.Debug|ARM64.Build.0 = Debug|iPhoneSimulator
		{65232EED-0A5A-4B6D-8736-7FA1FFCF2EE9}.Debug|iPhone.ActiveCfg = Debug|iPhone
		{65232EED-0A5A-4B6D-8736-7FA1FFCF2EE9}.Debug|iPhone.Build.0 = Debug|iPhone
		{65232EED-0A5A-4B6D-8736-7FA1FFCF2EE9}.Debug|iPhoneSimulator.ActiveCfg = Debug|iPhoneSimulator
		{65232EED-0A5A-4B6D-8736-7FA1FFCF2EE9}.Debug|iPhoneSimulator.Build.0 = Debug|iPhoneSimulator
		{65232EED-0A5A-4B6D-8736-7FA1FFCF2EE9}.Debug|x64.ActiveCfg = Debug|iPhoneSimulator
		{65232EED-0A5A-4B6D-8736-7FA1FFCF2EE9}.Debug|x64.Build.0 = Debug|iPhoneSimulator
		{65232EED-0A5A-4B6D-8736-7FA1FFCF2EE9}.Debug|x86.ActiveCfg = Debug|iPhoneSimulator
		{65232EED-0A5A-4B6D-8736-7FA1FFCF2EE9}.Debug|x86.Build.0 = Debug|iPhoneSimulator
		{65232EED-0A5A-4B6D-8736-7FA1FFCF2EE9}.Release|Any CPU.ActiveCfg = Release|iPhoneSimulator
		{65232EED-0A5A-4B6D-8736-7FA1FFCF2EE9}.Release|Any CPU.Build.0 = Release|iPhoneSimulator
		{65232EED-0A5A-4B6D-8736-7FA1FFCF2EE9}.Release|ARM.ActiveCfg = Release|iPhoneSimulator
		{65232EED-0A5A-4B6D-8736-7FA1FFCF2EE9}.Release|ARM.Build.0 = Release|iPhoneSimulator
		{65232EED-0A5A-4B6D-8736-7FA1FFCF2EE9}.Release|ARM64.ActiveCfg = Release|iPhoneSimulator
		{65232EED-0A5A-4B6D-8736-7FA1FFCF2EE9}.Release|ARM64.Build.0 = Release|iPhoneSimulator
		{65232EED-0A5A-4B6D-8736-7FA1FFCF2EE9}.Release|iPhone.ActiveCfg = Release|iPhone
		{65232EED-0A5A-4B6D-8736-7FA1FFCF2EE9}.Release|iPhone.Build.0 = Release|iPhone
		{65232EED-0A5A-4B6D-8736-7FA1FFCF2EE9}.Release|iPhoneSimulator.ActiveCfg = Release|iPhoneSimulator
		{65232EED-0A5A-4B6D-8736-7FA1FFCF2EE9}.Release|iPhoneSimulator.Build.0 = Release|iPhoneSimulator
		{65232EED-0A5A-4B6D-8736-7FA1FFCF2EE9}.Release|x64.ActiveCfg = Release|iPhoneSimulator
		{65232EED-0A5A-4B6D-8736-7FA1FFCF2EE9}.Release|x64.Build.0 = Release|iPhoneSimulator
		{65232EED-0A5A-4B6D-8736-7FA1FFCF2EE9}.Release|x86.ActiveCfg = Release|iPhoneSimulator
		{65232EED-0A5A-4B6D-8736-7FA1FFCF2EE9}.Release|x86.Build.0 = Release|iPhoneSimulator
		{828F151E-E097-4B1D-92EE-AA5D2A231950}.Ad-Hoc|Any CPU.ActiveCfg = Debug|x86
		{828F151E-E097-4B1D-92EE-AA5D2A231950}.Ad-Hoc|Any CPU.Build.0 = Debug|x86
		{828F151E-E097-4B1D-92EE-AA5D2A231950}.Ad-Hoc|Any CPU.Deploy.0 = Debug|x86
		{828F151E-E097-4B1D-92EE-AA5D2A231950}.Ad-Hoc|ARM.ActiveCfg = Debug|ARM
		{828F151E-E097-4B1D-92EE-AA5D2A231950}.Ad-Hoc|ARM.Build.0 = Debug|ARM
		{828F151E-E097-4B1D-92EE-AA5D2A231950}.Ad-Hoc|ARM.Deploy.0 = Debug|ARM
		{828F151E-E097-4B1D-92EE-AA5D2A231950}.Ad-Hoc|ARM64.ActiveCfg = Debug|ARM64
		{828F151E-E097-4B1D-92EE-AA5D2A231950}.Ad-Hoc|ARM64.Build.0 = Debug|ARM64
		{828F151E-E097-4B1D-92EE-AA5D2A231950}.Ad-Hoc|ARM64.Deploy.0 = Debug|ARM64
		{828F151E-E097-4B1D-92EE-AA5D2A231950}.Ad-Hoc|iPhone.ActiveCfg = Debug|x86
		{828F151E-E097-4B1D-92EE-AA5D2A231950}.Ad-Hoc|iPhone.Build.0 = Debug|x86
		{828F151E-E097-4B1D-92EE-AA5D2A231950}.Ad-Hoc|iPhone.Deploy.0 = Debug|x86
		{828F151E-E097-4B1D-92EE-AA5D2A231950}.Ad-Hoc|iPhoneSimulator.ActiveCfg = Debug|x86
		{828F151E-E097-4B1D-92EE-AA5D2A231950}.Ad-Hoc|iPhoneSimulator.Build.0 = Debug|x86
		{828F151E-E097-4B1D-92EE-AA5D2A231950}.Ad-Hoc|iPhoneSimulator.Deploy.0 = Debug|x86
		{828F151E-E097-4B1D-92EE-AA5D2A231950}.Ad-Hoc|x64.ActiveCfg = Debug|x64
		{828F151E-E097-4B1D-92EE-AA5D2A231950}.Ad-Hoc|x64.Build.0 = Debug|x64
		{828F151E-E097-4B1D-92EE-AA5D2A231950}.Ad-Hoc|x64.Deploy.0 = Debug|x64
		{828F151E-E097-4B1D-92EE-AA5D2A231950}.Ad-Hoc|x86.ActiveCfg = Debug|x86
		{828F151E-E097-4B1D-92EE-AA5D2A231950}.Ad-Hoc|x86.Build.0 = Debug|x86
		{828F151E-E097-4B1D-92EE-AA5D2A231950}.Ad-Hoc|x86.Deploy.0 = Debug|x86
		{828F151E-E097-4B1D-92EE-AA5D2A231950}.AppStore|Any CPU.ActiveCfg = Debug|x86
		{828F151E-E097-4B1D-92EE-AA5D2A231950}.AppStore|Any CPU.Build.0 = Debug|x86
		{828F151E-E097-4B1D-92EE-AA5D2A231950}.AppStore|Any CPU.Deploy.0 = Debug|x86
		{828F151E-E097-4B1D-92EE-AA5D2A231950}.AppStore|ARM.ActiveCfg = Debug|ARM
		{828F151E-E097-4B1D-92EE-AA5D2A231950}.AppStore|ARM.Build.0 = Debug|ARM
		{828F151E-E097-4B1D-92EE-AA5D2A231950}.AppStore|ARM.Deploy.0 = Debug|ARM
		{828F151E-E097-4B1D-92EE-AA5D2A231950}.AppStore|ARM64.ActiveCfg = Debug|ARM64
		{828F151E-E097-4B1D-92EE-AA5D2A231950}.AppStore|ARM64.Build.0 = Debug|ARM64
		{828F151E-E097-4B1D-92EE-AA5D2A231950}.AppStore|ARM64.Deploy.0 = Debug|ARM64
		{828F151E-E097-4B1D-92EE-AA5D2A231950}.AppStore|iPhone.ActiveCfg = Debug|x86
		{828F151E-E097-4B1D-92EE-AA5D2A231950}.AppStore|iPhone.Build.0 = Debug|x86
		{828F151E-E097-4B1D-92EE-AA5D2A231950}.AppStore|iPhone.Deploy.0 = Debug|x86
		{828F151E-E097-4B1D-92EE-AA5D2A231950}.AppStore|iPhoneSimulator.ActiveCfg = Debug|x86
		{828F151E-E097-4B1D-92EE-AA5D2A231950}.AppStore|iPhoneSimulator.Build.0 = Debug|x86
		{828F151E-E097-4B1D-92EE-AA5D2A231950}.AppStore|iPhoneSimulator.Deploy.0 = Debug|x86
		{828F151E-E097-4B1D-92EE-AA5D2A231950}.AppStore|x64.ActiveCfg = Debug|x64
		{828F151E-E097-4B1D-92EE-AA5D2A231950}.AppStore|x64.Build.0 = Debug|x64
		{828F151E-E097-4B1D-92EE-AA5D2A231950}.AppStore|x64.Deploy.0 = Debug|x64
		{828F151E-E097-4B1D-92EE-AA5D2A231950}.AppStore|x86.ActiveCfg = Debug|x86
		{828F151E-E097-4B1D-92EE-AA5D2A231950}.AppStore|x86.Build.0 = Debug|x86
		{828F151E-E097-4B1D-92EE-AA5D2A231950}.AppStore|x86.Deploy.0 = Debug|x86
		{828F151E-E097-4B1D-92EE-AA5D2A231950}.Debug|Any CPU.ActiveCfg = Debug|x64
		{828F151E-E097-4B1D-92EE-AA5D2A231950}.Debug|Any CPU.Build.0 = Debug|x64
		{828F151E-E097-4B1D-92EE-AA5D2A231950}.Debug|Any CPU.Deploy.0 = Debug|x64
		{828F151E-E097-4B1D-92EE-AA5D2A231950}.Debug|ARM.ActiveCfg = Debug|ARM
		{828F151E-E097-4B1D-92EE-AA5D2A231950}.Debug|ARM.Build.0 = Debug|ARM
		{828F151E-E097-4B1D-92EE-AA5D2A231950}.Debug|ARM.Deploy.0 = Debug|ARM
		{828F151E-E097-4B1D-92EE-AA5D2A231950}.Debug|ARM64.ActiveCfg = Debug|ARM64
		{828F151E-E097-4B1D-92EE-AA5D2A231950}.Debug|ARM64.Build.0 = Debug|ARM64
		{828F151E-E097-4B1D-92EE-AA5D2A231950}.Debug|ARM64.Deploy.0 = Debug|ARM64
		{828F151E-E097-4B1D-92EE-AA5D2A231950}.Debug|iPhone.ActiveCfg = Debug|x64
		{828F151E-E097-4B1D-92EE-AA5D2A231950}.Debug|iPhone.Build.0 = Debug|x64
		{828F151E-E097-4B1D-92EE-AA5D2A231950}.Debug|iPhone.Deploy.0 = Debug|x64
		{828F151E-E097-4B1D-92EE-AA5D2A231950}.Debug|iPhoneSimulator.ActiveCfg = Debug|x64
		{828F151E-E097-4B1D-92EE-AA5D2A231950}.Debug|iPhoneSimulator.Build.0 = Debug|x64
		{828F151E-E097-4B1D-92EE-AA5D2A231950}.Debug|iPhoneSimulator.Deploy.0 = Debug|x64
		{828F151E-E097-4B1D-92EE-AA5D2A231950}.Debug|x64.ActiveCfg = Debug|x64
		{828F151E-E097-4B1D-92EE-AA5D2A231950}.Debug|x64.Build.0 = Debug|x64
		{828F151E-E097-4B1D-92EE-AA5D2A231950}.Debug|x64.Deploy.0 = Debug|x64
		{828F151E-E097-4B1D-92EE-AA5D2A231950}.Debug|x86.ActiveCfg = Debug|x86
		{828F151E-E097-4B1D-92EE-AA5D2A231950}.Debug|x86.Build.0 = Debug|x86
		{828F151E-E097-4B1D-92EE-AA5D2A231950}.Debug|x86.Deploy.0 = Debug|x86
		{828F151E-E097-4B1D-92EE-AA5D2A231950}.Release|Any CPU.ActiveCfg = Release|x64
		{828F151E-E097-4B1D-92EE-AA5D2A231950}.Release|Any CPU.Build.0 = Release|x64
		{828F151E-E097-4B1D-92EE-AA5D2A231950}.Release|Any CPU.Deploy.0 = Release|x64
		{828F151E-E097-4B1D-92EE-AA5D2A231950}.Release|ARM.ActiveCfg = Release|ARM
		{828F151E-E097-4B1D-92EE-AA5D2A231950}.Release|ARM.Build.0 = Release|ARM
		{828F151E-E097-4B1D-92EE-AA5D2A231950}.Release|ARM.Deploy.0 = Release|ARM
		{828F151E-E097-4B1D-92EE-AA5D2A231950}.Release|ARM64.ActiveCfg = Release|ARM64
		{828F151E-E097-4B1D-92EE-AA5D2A231950}.Release|ARM64.Build.0 = Release|ARM64
		{828F151E-E097-4B1D-92EE-AA5D2A231950}.Release|ARM64.Deploy.0 = Release|ARM64
		{828F151E-E097-4B1D-92EE-AA5D2A231950}.Release|iPhone.ActiveCfg = Release|x64
		{828F151E-E097-4B1D-92EE-AA5D2A231950}.Release|iPhone.Build.0 = Release|x64
		{828F151E-E097-4B1D-92EE-AA5D2A231950}.Release|iPhone.Deploy.0 = Release|x64
		{828F151E-E097-4B1D-92EE-AA5D2A231950}.Release|iPhoneSimulator.ActiveCfg = Release|x64
		{828F151E-E097-4B1D-92EE-AA5D2A231950}.Release|iPhoneSimulator.Build.0 = Release|x64
		{828F151E-E097-4B1D-92EE-AA5D2A231950}.Release|iPhoneSimulator.Deploy.0 = Release|x64
		{828F151E-E097-4B1D-92EE-AA5D2A231950}.Release|x64.ActiveCfg = Release|x64
		{828F151E-E097-4B1D-92EE-AA5D2A231950}.Release|x64.Build.0 = Release|x64
		{828F151E-E097-4B1D-92EE-AA5D2A231950}.Release|x64.Deploy.0 = Release|x64
		{828F151E-E097-4B1D-92EE-AA5D2A231950}.Release|x86.ActiveCfg = Release|x86
		{828F151E-E097-4B1D-92EE-AA5D2A231950}.Release|x86.Build.0 = Release|x86
		{828F151E-E097-4B1D-92EE-AA5D2A231950}.Release|x86.Deploy.0 = Release|x86
		{EAA317A1-168A-41E7-AA00-900470A1979C}.Ad-Hoc|Any CPU.ActiveCfg = Debug|Any CPU
		{EAA317A1-168A-41E7-AA00-900470A1979C}.Ad-Hoc|Any CPU.Build.0 = Debug|Any CPU
		{EAA317A1-168A-41E7-AA00-900470A1979C}.Ad-Hoc|ARM.ActiveCfg = Debug|Any CPU
		{EAA317A1-168A-41E7-AA00-900470A1979C}.Ad-Hoc|ARM.Build.0 = Debug|Any CPU
		{EAA317A1-168A-41E7-AA00-900470A1979C}.Ad-Hoc|ARM64.ActiveCfg = Debug|Any CPU
		{EAA317A1-168A-41E7-AA00-900470A1979C}.Ad-Hoc|ARM64.Build.0 = Debug|Any CPU
		{EAA317A1-168A-41E7-AA00-900470A1979C}.Ad-Hoc|iPhone.ActiveCfg = Debug|Any CPU
		{EAA317A1-168A-41E7-AA00-900470A1979C}.Ad-Hoc|iPhone.Build.0 = Debug|Any CPU
		{EAA317A1-168A-41E7-AA00-900470A1979C}.Ad-Hoc|iPhoneSimulator.ActiveCfg = Debug|Any CPU
		{EAA317A1-168A-41E7-AA00-900470A1979C}.Ad-Hoc|iPhoneSimulator.Build.0 = Debug|Any CPU
		{EAA317A1-168A-41E7-AA00-900470A1979C}.Ad-Hoc|x64.ActiveCfg = Debug|Any CPU
		{EAA317A1-168A-41E7-AA00-900470A1979C}.Ad-Hoc|x64.Build.0 = Debug|Any CPU
		{EAA317A1-168A-41E7-AA00-900470A1979C}.Ad-Hoc|x86.ActiveCfg = Debug|Any CPU
		{EAA317A1-168A-41E7-AA00-900470A1979C}.Ad-Hoc|x86.Build.0 = Debug|Any CPU
		{EAA317A1-168A-41E7-AA00-900470A1979C}.AppStore|Any CPU.ActiveCfg = Debug|Any CPU
		{EAA317A1-168A-41E7-AA00-900470A1979C}.AppStore|Any CPU.Build.0 = Debug|Any CPU
		{EAA317A1-168A-41E7-AA00-900470A1979C}.AppStore|ARM.ActiveCfg = Debug|Any CPU
		{EAA317A1-168A-41E7-AA00-900470A1979C}.AppStore|ARM.Build.0 = Debug|Any CPU
		{EAA317A1-168A-41E7-AA00-900470A1979C}.AppStore|ARM64.ActiveCfg = Debug|Any CPU
		{EAA317A1-168A-41E7-AA00-900470A1979C}.AppStore|ARM64.Build.0 = Debug|Any CPU
		{EAA317A1-168A-41E7-AA00-900470A1979C}.AppStore|iPhone.ActiveCfg = Debug|Any CPU
		{EAA317A1-168A-41E7-AA00-900470A1979C}.AppStore|iPhone.Build.0 = Debug|Any CPU
		{EAA317A1-168A-41E7-AA00-900470A1979C}.AppStore|iPhoneSimulator.ActiveCfg = Debug|Any CPU
		{EAA317A1-168A-41E7-AA00-900470A1979C}.AppStore|iPhoneSimulator.Build.0 = Debug|Any CPU
		{EAA317A1-168A-41E7-AA00-900470A1979C}.AppStore|x64.ActiveCfg = Debug|Any CPU
		{EAA317A1-168A-41E7-AA00-900470A1979C}.AppStore|x64.Build.0 = Debug|Any CPU
		{EAA317A1-168A-41E7-AA00-900470A1979C}.AppStore|x86.ActiveCfg = Debug|Any CPU
		{EAA317A1-168A-41E7-AA00-900470A1979C}.AppStore|x86.Build.0 = Debug|Any CPU
		{EAA317A1-168A-41E7-AA00-900470A1979C}.Debug|Any CPU.ActiveCfg = Debug|Any CPU
		{EAA317A1-168A-41E7-AA00-900470A1979C}.Debug|Any CPU.Build.0 = Debug|Any CPU
		{EAA317A1-168A-41E7-AA00-900470A1979C}.Debug|ARM.ActiveCfg = Debug|Any CPU
		{EAA317A1-168A-41E7-AA00-900470A1979C}.Debug|ARM.Build.0 = Debug|Any CPU
		{EAA317A1-168A-41E7-AA00-900470A1979C}.Debug|ARM64.ActiveCfg = Debug|Any CPU
		{EAA317A1-168A-41E7-AA00-900470A1979C}.Debug|ARM64.Build.0 = Debug|Any CPU
		{EAA317A1-168A-41E7-AA00-900470A1979C}.Debug|iPhone.ActiveCfg = Debug|Any CPU
		{EAA317A1-168A-41E7-AA00-900470A1979C}.Debug|iPhone.Build.0 = Debug|Any CPU
		{EAA317A1-168A-41E7-AA00-900470A1979C}.Debug|iPhoneSimulator.ActiveCfg = Debug|Any CPU
		{EAA317A1-168A-41E7-AA00-900470A1979C}.Debug|iPhoneSimulator.Build.0 = Debug|Any CPU
		{EAA317A1-168A-41E7-AA00-900470A1979C}.Debug|x64.ActiveCfg = Debug|Any CPU
		{EAA317A1-168A-41E7-AA00-900470A1979C}.Debug|x64.Build.0 = Debug|Any CPU
		{EAA317A1-168A-41E7-AA00-900470A1979C}.Debug|x86.ActiveCfg = Debug|Any CPU
		{EAA317A1-168A-41E7-AA00-900470A1979C}.Debug|x86.Build.0 = Debug|Any CPU
		{EAA317A1-168A-41E7-AA00-900470A1979C}.Release|Any CPU.ActiveCfg = Release|Any CPU
		{EAA317A1-168A-41E7-AA00-900470A1979C}.Release|Any CPU.Build.0 = Release|Any CPU
		{EAA317A1-168A-41E7-AA00-900470A1979C}.Release|ARM.ActiveCfg = Release|Any CPU
		{EAA317A1-168A-41E7-AA00-900470A1979C}.Release|ARM.Build.0 = Release|Any CPU
		{EAA317A1-168A-41E7-AA00-900470A1979C}.Release|ARM64.ActiveCfg = Release|Any CPU
		{EAA317A1-168A-41E7-AA00-900470A1979C}.Release|ARM64.Build.0 = Release|Any CPU
		{EAA317A1-168A-41E7-AA00-900470A1979C}.Release|iPhone.ActiveCfg = Release|Any CPU
		{EAA317A1-168A-41E7-AA00-900470A1979C}.Release|iPhone.Build.0 = Release|Any CPU
		{EAA317A1-168A-41E7-AA00-900470A1979C}.Release|iPhoneSimulator.ActiveCfg = Release|Any CPU
		{EAA317A1-168A-41E7-AA00-900470A1979C}.Release|iPhoneSimulator.Build.0 = Release|Any CPU
		{EAA317A1-168A-41E7-AA00-900470A1979C}.Release|x64.ActiveCfg = Release|Any CPU
		{EAA317A1-168A-41E7-AA00-900470A1979C}.Release|x64.Build.0 = Release|Any CPU
		{EAA317A1-168A-41E7-AA00-900470A1979C}.Release|x86.ActiveCfg = Release|Any CPU
		{EAA317A1-168A-41E7-AA00-900470A1979C}.Release|x86.Build.0 = Release|Any CPU
		{8A1AAECC-43BD-4B2E-8BA6-FC824E71BA22}.Ad-Hoc|Any CPU.ActiveCfg = Debug|iPhoneSimulator
		{8A1AAECC-43BD-4B2E-8BA6-FC824E71BA22}.Ad-Hoc|Any CPU.Build.0 = Debug|iPhoneSimulator
		{8A1AAECC-43BD-4B2E-8BA6-FC824E71BA22}.Ad-Hoc|ARM.ActiveCfg = Debug|iPhoneSimulator
		{8A1AAECC-43BD-4B2E-8BA6-FC824E71BA22}.Ad-Hoc|ARM.Build.0 = Debug|iPhoneSimulator
		{8A1AAECC-43BD-4B2E-8BA6-FC824E71BA22}.Ad-Hoc|ARM64.ActiveCfg = Debug|iPhoneSimulator
		{8A1AAECC-43BD-4B2E-8BA6-FC824E71BA22}.Ad-Hoc|ARM64.Build.0 = Debug|iPhoneSimulator
		{8A1AAECC-43BD-4B2E-8BA6-FC824E71BA22}.Ad-Hoc|iPhone.ActiveCfg = Debug|iPhoneSimulator
		{8A1AAECC-43BD-4B2E-8BA6-FC824E71BA22}.Ad-Hoc|iPhone.Build.0 = Debug|iPhoneSimulator
		{8A1AAECC-43BD-4B2E-8BA6-FC824E71BA22}.Ad-Hoc|iPhoneSimulator.ActiveCfg = Debug|iPhoneSimulator
		{8A1AAECC-43BD-4B2E-8BA6-FC824E71BA22}.Ad-Hoc|iPhoneSimulator.Build.0 = Debug|iPhoneSimulator
		{8A1AAECC-43BD-4B2E-8BA6-FC824E71BA22}.Ad-Hoc|x64.ActiveCfg = Debug|iPhoneSimulator
		{8A1AAECC-43BD-4B2E-8BA6-FC824E71BA22}.Ad-Hoc|x64.Build.0 = Debug|iPhoneSimulator
		{8A1AAECC-43BD-4B2E-8BA6-FC824E71BA22}.Ad-Hoc|x86.ActiveCfg = Debug|iPhoneSimulator
		{8A1AAECC-43BD-4B2E-8BA6-FC824E71BA22}.Ad-Hoc|x86.Build.0 = Debug|iPhoneSimulator
		{8A1AAECC-43BD-4B2E-8BA6-FC824E71BA22}.AppStore|Any CPU.ActiveCfg = Debug|iPhoneSimulator
		{8A1AAECC-43BD-4B2E-8BA6-FC824E71BA22}.AppStore|Any CPU.Build.0 = Debug|iPhoneSimulator
		{8A1AAECC-43BD-4B2E-8BA6-FC824E71BA22}.AppStore|ARM.ActiveCfg = Debug|iPhoneSimulator
		{8A1AAECC-43BD-4B2E-8BA6-FC824E71BA22}.AppStore|ARM.Build.0 = Debug|iPhoneSimulator
		{8A1AAECC-43BD-4B2E-8BA6-FC824E71BA22}.AppStore|ARM64.ActiveCfg = Debug|iPhoneSimulator
		{8A1AAECC-43BD-4B2E-8BA6-FC824E71BA22}.AppStore|ARM64.Build.0 = Debug|iPhoneSimulator
		{8A1AAECC-43BD-4B2E-8BA6-FC824E71BA22}.AppStore|iPhone.ActiveCfg = Debug|iPhoneSimulator
		{8A1AAECC-43BD-4B2E-8BA6-FC824E71BA22}.AppStore|iPhone.Build.0 = Debug|iPhoneSimulator
		{8A1AAECC-43BD-4B2E-8BA6-FC824E71BA22}.AppStore|iPhoneSimulator.ActiveCfg = Debug|iPhoneSimulator
		{8A1AAECC-43BD-4B2E-8BA6-FC824E71BA22}.AppStore|iPhoneSimulator.Build.0 = Debug|iPhoneSimulator
		{8A1AAECC-43BD-4B2E-8BA6-FC824E71BA22}.AppStore|x64.ActiveCfg = Debug|iPhoneSimulator
		{8A1AAECC-43BD-4B2E-8BA6-FC824E71BA22}.AppStore|x64.Build.0 = Debug|iPhoneSimulator
		{8A1AAECC-43BD-4B2E-8BA6-FC824E71BA22}.AppStore|x86.ActiveCfg = Debug|iPhoneSimulator
		{8A1AAECC-43BD-4B2E-8BA6-FC824E71BA22}.AppStore|x86.Build.0 = Debug|iPhoneSimulator
		{8A1AAECC-43BD-4B2E-8BA6-FC824E71BA22}.Debug|Any CPU.ActiveCfg = Debug|iPhoneSimulator
		{8A1AAECC-43BD-4B2E-8BA6-FC824E71BA22}.Debug|Any CPU.Build.0 = Debug|iPhoneSimulator
		{8A1AAECC-43BD-4B2E-8BA6-FC824E71BA22}.Debug|ARM.ActiveCfg = Debug|iPhoneSimulator
		{8A1AAECC-43BD-4B2E-8BA6-FC824E71BA22}.Debug|ARM.Build.0 = Debug|iPhoneSimulator
		{8A1AAECC-43BD-4B2E-8BA6-FC824E71BA22}.Debug|ARM64.ActiveCfg = Debug|iPhoneSimulator
		{8A1AAECC-43BD-4B2E-8BA6-FC824E71BA22}.Debug|ARM64.Build.0 = Debug|iPhoneSimulator
		{8A1AAECC-43BD-4B2E-8BA6-FC824E71BA22}.Debug|iPhone.ActiveCfg = Debug|iPhoneSimulator
		{8A1AAECC-43BD-4B2E-8BA6-FC824E71BA22}.Debug|iPhone.Build.0 = Debug|iPhoneSimulator
		{8A1AAECC-43BD-4B2E-8BA6-FC824E71BA22}.Debug|iPhoneSimulator.ActiveCfg = Debug|iPhoneSimulator
		{8A1AAECC-43BD-4B2E-8BA6-FC824E71BA22}.Debug|iPhoneSimulator.Build.0 = Debug|iPhoneSimulator
		{8A1AAECC-43BD-4B2E-8BA6-FC824E71BA22}.Debug|x64.ActiveCfg = Debug|iPhoneSimulator
		{8A1AAECC-43BD-4B2E-8BA6-FC824E71BA22}.Debug|x64.Build.0 = Debug|iPhoneSimulator
		{8A1AAECC-43BD-4B2E-8BA6-FC824E71BA22}.Debug|x86.ActiveCfg = Debug|iPhoneSimulator
		{8A1AAECC-43BD-4B2E-8BA6-FC824E71BA22}.Debug|x86.Build.0 = Debug|iPhoneSimulator
		{8A1AAECC-43BD-4B2E-8BA6-FC824E71BA22}.Release|Any CPU.ActiveCfg = Release|iPhoneSimulator
		{8A1AAECC-43BD-4B2E-8BA6-FC824E71BA22}.Release|Any CPU.Build.0 = Release|iPhoneSimulator
		{8A1AAECC-43BD-4B2E-8BA6-FC824E71BA22}.Release|ARM.ActiveCfg = Release|iPhoneSimulator
		{8A1AAECC-43BD-4B2E-8BA6-FC824E71BA22}.Release|ARM.Build.0 = Release|iPhoneSimulator
		{8A1AAECC-43BD-4B2E-8BA6-FC824E71BA22}.Release|ARM64.ActiveCfg = Release|iPhoneSimulator
		{8A1AAECC-43BD-4B2E-8BA6-FC824E71BA22}.Release|ARM64.Build.0 = Release|iPhoneSimulator
		{8A1AAECC-43BD-4B2E-8BA6-FC824E71BA22}.Release|iPhone.ActiveCfg = Release|iPhoneSimulator
		{8A1AAECC-43BD-4B2E-8BA6-FC824E71BA22}.Release|iPhone.Build.0 = Release|iPhoneSimulator
		{8A1AAECC-43BD-4B2E-8BA6-FC824E71BA22}.Release|iPhoneSimulator.ActiveCfg = Release|iPhoneSimulator
		{8A1AAECC-43BD-4B2E-8BA6-FC824E71BA22}.Release|iPhoneSimulator.Build.0 = Release|iPhoneSimulator
		{8A1AAECC-43BD-4B2E-8BA6-FC824E71BA22}.Release|x64.ActiveCfg = Release|iPhoneSimulator
		{8A1AAECC-43BD-4B2E-8BA6-FC824E71BA22}.Release|x64.Build.0 = Release|iPhoneSimulator
		{8A1AAECC-43BD-4B2E-8BA6-FC824E71BA22}.Release|x86.ActiveCfg = Release|iPhoneSimulator
		{8A1AAECC-43BD-4B2E-8BA6-FC824E71BA22}.Release|x86.Build.0 = Release|iPhoneSimulator
		{CAC7985F-D75E-43CC-8669-8134EBE849BF}.Ad-Hoc|Any CPU.ActiveCfg = Debug|Any CPU
		{CAC7985F-D75E-43CC-8669-8134EBE849BF}.Ad-Hoc|Any CPU.Build.0 = Debug|Any CPU
		{CAC7985F-D75E-43CC-8669-8134EBE849BF}.Ad-Hoc|ARM.ActiveCfg = Debug|Any CPU
		{CAC7985F-D75E-43CC-8669-8134EBE849BF}.Ad-Hoc|ARM.Build.0 = Debug|Any CPU
		{CAC7985F-D75E-43CC-8669-8134EBE849BF}.Ad-Hoc|ARM64.ActiveCfg = Debug|Any CPU
		{CAC7985F-D75E-43CC-8669-8134EBE849BF}.Ad-Hoc|ARM64.Build.0 = Debug|Any CPU
		{CAC7985F-D75E-43CC-8669-8134EBE849BF}.Ad-Hoc|iPhone.ActiveCfg = Debug|Any CPU
		{CAC7985F-D75E-43CC-8669-8134EBE849BF}.Ad-Hoc|iPhone.Build.0 = Debug|Any CPU
		{CAC7985F-D75E-43CC-8669-8134EBE849BF}.Ad-Hoc|iPhoneSimulator.ActiveCfg = Debug|Any CPU
		{CAC7985F-D75E-43CC-8669-8134EBE849BF}.Ad-Hoc|iPhoneSimulator.Build.0 = Debug|Any CPU
		{CAC7985F-D75E-43CC-8669-8134EBE849BF}.Ad-Hoc|x64.ActiveCfg = Debug|Any CPU
		{CAC7985F-D75E-43CC-8669-8134EBE849BF}.Ad-Hoc|x64.Build.0 = Debug|Any CPU
		{CAC7985F-D75E-43CC-8669-8134EBE849BF}.Ad-Hoc|x86.ActiveCfg = Debug|Any CPU
		{CAC7985F-D75E-43CC-8669-8134EBE849BF}.Ad-Hoc|x86.Build.0 = Debug|Any CPU
		{CAC7985F-D75E-43CC-8669-8134EBE849BF}.AppStore|Any CPU.ActiveCfg = Debug|Any CPU
		{CAC7985F-D75E-43CC-8669-8134EBE849BF}.AppStore|Any CPU.Build.0 = Debug|Any CPU
		{CAC7985F-D75E-43CC-8669-8134EBE849BF}.AppStore|ARM.ActiveCfg = Debug|Any CPU
		{CAC7985F-D75E-43CC-8669-8134EBE849BF}.AppStore|ARM.Build.0 = Debug|Any CPU
		{CAC7985F-D75E-43CC-8669-8134EBE849BF}.AppStore|ARM64.ActiveCfg = Debug|Any CPU
		{CAC7985F-D75E-43CC-8669-8134EBE849BF}.AppStore|ARM64.Build.0 = Debug|Any CPU
		{CAC7985F-D75E-43CC-8669-8134EBE849BF}.AppStore|iPhone.ActiveCfg = Debug|Any CPU
		{CAC7985F-D75E-43CC-8669-8134EBE849BF}.AppStore|iPhone.Build.0 = Debug|Any CPU
		{CAC7985F-D75E-43CC-8669-8134EBE849BF}.AppStore|iPhoneSimulator.ActiveCfg = Debug|Any CPU
		{CAC7985F-D75E-43CC-8669-8134EBE849BF}.AppStore|iPhoneSimulator.Build.0 = Debug|Any CPU
		{CAC7985F-D75E-43CC-8669-8134EBE849BF}.AppStore|x64.ActiveCfg = Debug|Any CPU
		{CAC7985F-D75E-43CC-8669-8134EBE849BF}.AppStore|x64.Build.0 = Debug|Any CPU
		{CAC7985F-D75E-43CC-8669-8134EBE849BF}.AppStore|x86.ActiveCfg = Debug|Any CPU
		{CAC7985F-D75E-43CC-8669-8134EBE849BF}.AppStore|x86.Build.0 = Debug|Any CPU
		{CAC7985F-D75E-43CC-8669-8134EBE849BF}.Debug|Any CPU.ActiveCfg = Debug|Any CPU
		{CAC7985F-D75E-43CC-8669-8134EBE849BF}.Debug|Any CPU.Build.0 = Debug|Any CPU
		{CAC7985F-D75E-43CC-8669-8134EBE849BF}.Debug|ARM.ActiveCfg = Debug|Any CPU
		{CAC7985F-D75E-43CC-8669-8134EBE849BF}.Debug|ARM.Build.0 = Debug|Any CPU
		{CAC7985F-D75E-43CC-8669-8134EBE849BF}.Debug|ARM64.ActiveCfg = Debug|Any CPU
		{CAC7985F-D75E-43CC-8669-8134EBE849BF}.Debug|ARM64.Build.0 = Debug|Any CPU
		{CAC7985F-D75E-43CC-8669-8134EBE849BF}.Debug|iPhone.ActiveCfg = Debug|Any CPU
		{CAC7985F-D75E-43CC-8669-8134EBE849BF}.Debug|iPhone.Build.0 = Debug|Any CPU
		{CAC7985F-D75E-43CC-8669-8134EBE849BF}.Debug|iPhoneSimulator.ActiveCfg = Debug|Any CPU
		{CAC7985F-D75E-43CC-8669-8134EBE849BF}.Debug|iPhoneSimulator.Build.0 = Debug|Any CPU
		{CAC7985F-D75E-43CC-8669-8134EBE849BF}.Debug|x64.ActiveCfg = Debug|Any CPU
		{CAC7985F-D75E-43CC-8669-8134EBE849BF}.Debug|x64.Build.0 = Debug|Any CPU
		{CAC7985F-D75E-43CC-8669-8134EBE849BF}.Debug|x86.ActiveCfg = Debug|Any CPU
		{CAC7985F-D75E-43CC-8669-8134EBE849BF}.Debug|x86.Build.0 = Debug|Any CPU
		{CAC7985F-D75E-43CC-8669-8134EBE849BF}.Release|Any CPU.ActiveCfg = Release|Any CPU
		{CAC7985F-D75E-43CC-8669-8134EBE849BF}.Release|Any CPU.Build.0 = Release|Any CPU
		{CAC7985F-D75E-43CC-8669-8134EBE849BF}.Release|ARM.ActiveCfg = Release|Any CPU
		{CAC7985F-D75E-43CC-8669-8134EBE849BF}.Release|ARM.Build.0 = Release|Any CPU
		{CAC7985F-D75E-43CC-8669-8134EBE849BF}.Release|ARM64.ActiveCfg = Release|Any CPU
		{CAC7985F-D75E-43CC-8669-8134EBE849BF}.Release|ARM64.Build.0 = Release|Any CPU
		{CAC7985F-D75E-43CC-8669-8134EBE849BF}.Release|iPhone.ActiveCfg = Release|Any CPU
		{CAC7985F-D75E-43CC-8669-8134EBE849BF}.Release|iPhone.Build.0 = Release|Any CPU
		{CAC7985F-D75E-43CC-8669-8134EBE849BF}.Release|iPhoneSimulator.ActiveCfg = Release|Any CPU
		{CAC7985F-D75E-43CC-8669-8134EBE849BF}.Release|iPhoneSimulator.Build.0 = Release|Any CPU
		{CAC7985F-D75E-43CC-8669-8134EBE849BF}.Release|x64.ActiveCfg = Release|Any CPU
		{CAC7985F-D75E-43CC-8669-8134EBE849BF}.Release|x64.Build.0 = Release|Any CPU
		{CAC7985F-D75E-43CC-8669-8134EBE849BF}.Release|x86.ActiveCfg = Release|Any CPU
		{CAC7985F-D75E-43CC-8669-8134EBE849BF}.Release|x86.Build.0 = Release|Any CPU
		{2059024C-3D32-4ED9-8AF3-063E3C2CFDCD}.Ad-Hoc|Any CPU.ActiveCfg = Debug|Any CPU
		{2059024C-3D32-4ED9-8AF3-063E3C2CFDCD}.Ad-Hoc|Any CPU.Build.0 = Debug|Any CPU
		{2059024C-3D32-4ED9-8AF3-063E3C2CFDCD}.Ad-Hoc|ARM.ActiveCfg = Debug|Any CPU
		{2059024C-3D32-4ED9-8AF3-063E3C2CFDCD}.Ad-Hoc|ARM.Build.0 = Debug|Any CPU
		{2059024C-3D32-4ED9-8AF3-063E3C2CFDCD}.Ad-Hoc|ARM64.ActiveCfg = Debug|Any CPU
		{2059024C-3D32-4ED9-8AF3-063E3C2CFDCD}.Ad-Hoc|ARM64.Build.0 = Debug|Any CPU
		{2059024C-3D32-4ED9-8AF3-063E3C2CFDCD}.Ad-Hoc|iPhone.ActiveCfg = Debug|Any CPU
		{2059024C-3D32-4ED9-8AF3-063E3C2CFDCD}.Ad-Hoc|iPhone.Build.0 = Debug|Any CPU
		{2059024C-3D32-4ED9-8AF3-063E3C2CFDCD}.Ad-Hoc|iPhoneSimulator.ActiveCfg = Debug|Any CPU
		{2059024C-3D32-4ED9-8AF3-063E3C2CFDCD}.Ad-Hoc|iPhoneSimulator.Build.0 = Debug|Any CPU
		{2059024C-3D32-4ED9-8AF3-063E3C2CFDCD}.Ad-Hoc|x64.ActiveCfg = Debug|Any CPU
		{2059024C-3D32-4ED9-8AF3-063E3C2CFDCD}.Ad-Hoc|x64.Build.0 = Debug|Any CPU
		{2059024C-3D32-4ED9-8AF3-063E3C2CFDCD}.Ad-Hoc|x86.ActiveCfg = Debug|Any CPU
		{2059024C-3D32-4ED9-8AF3-063E3C2CFDCD}.Ad-Hoc|x86.Build.0 = Debug|Any CPU
		{2059024C-3D32-4ED9-8AF3-063E3C2CFDCD}.AppStore|Any CPU.ActiveCfg = Debug|Any CPU
		{2059024C-3D32-4ED9-8AF3-063E3C2CFDCD}.AppStore|Any CPU.Build.0 = Debug|Any CPU
		{2059024C-3D32-4ED9-8AF3-063E3C2CFDCD}.AppStore|ARM.ActiveCfg = Debug|Any CPU
		{2059024C-3D32-4ED9-8AF3-063E3C2CFDCD}.AppStore|ARM.Build.0 = Debug|Any CPU
		{2059024C-3D32-4ED9-8AF3-063E3C2CFDCD}.AppStore|ARM64.ActiveCfg = Debug|Any CPU
		{2059024C-3D32-4ED9-8AF3-063E3C2CFDCD}.AppStore|ARM64.Build.0 = Debug|Any CPU
		{2059024C-3D32-4ED9-8AF3-063E3C2CFDCD}.AppStore|iPhone.ActiveCfg = Debug|Any CPU
		{2059024C-3D32-4ED9-8AF3-063E3C2CFDCD}.AppStore|iPhone.Build.0 = Debug|Any CPU
		{2059024C-3D32-4ED9-8AF3-063E3C2CFDCD}.AppStore|iPhoneSimulator.ActiveCfg = Debug|Any CPU
		{2059024C-3D32-4ED9-8AF3-063E3C2CFDCD}.AppStore|iPhoneSimulator.Build.0 = Debug|Any CPU
		{2059024C-3D32-4ED9-8AF3-063E3C2CFDCD}.AppStore|x64.ActiveCfg = Debug|Any CPU
		{2059024C-3D32-4ED9-8AF3-063E3C2CFDCD}.AppStore|x64.Build.0 = Debug|Any CPU
		{2059024C-3D32-4ED9-8AF3-063E3C2CFDCD}.AppStore|x86.ActiveCfg = Debug|Any CPU
		{2059024C-3D32-4ED9-8AF3-063E3C2CFDCD}.AppStore|x86.Build.0 = Debug|Any CPU
		{2059024C-3D32-4ED9-8AF3-063E3C2CFDCD}.Debug|Any CPU.ActiveCfg = Debug|Any CPU
		{2059024C-3D32-4ED9-8AF3-063E3C2CFDCD}.Debug|Any CPU.Build.0 = Debug|Any CPU
		{2059024C-3D32-4ED9-8AF3-063E3C2CFDCD}.Debug|ARM.ActiveCfg = Debug|Any CPU
		{2059024C-3D32-4ED9-8AF3-063E3C2CFDCD}.Debug|ARM.Build.0 = Debug|Any CPU
		{2059024C-3D32-4ED9-8AF3-063E3C2CFDCD}.Debug|ARM64.ActiveCfg = Debug|Any CPU
		{2059024C-3D32-4ED9-8AF3-063E3C2CFDCD}.Debug|ARM64.Build.0 = Debug|Any CPU
		{2059024C-3D32-4ED9-8AF3-063E3C2CFDCD}.Debug|iPhone.ActiveCfg = Debug|Any CPU
		{2059024C-3D32-4ED9-8AF3-063E3C2CFDCD}.Debug|iPhone.Build.0 = Debug|Any CPU
		{2059024C-3D32-4ED9-8AF3-063E3C2CFDCD}.Debug|iPhoneSimulator.ActiveCfg = Debug|Any CPU
		{2059024C-3D32-4ED9-8AF3-063E3C2CFDCD}.Debug|iPhoneSimulator.Build.0 = Debug|Any CPU
		{2059024C-3D32-4ED9-8AF3-063E3C2CFDCD}.Debug|x64.ActiveCfg = Debug|Any CPU
		{2059024C-3D32-4ED9-8AF3-063E3C2CFDCD}.Debug|x64.Build.0 = Debug|Any CPU
		{2059024C-3D32-4ED9-8AF3-063E3C2CFDCD}.Debug|x86.ActiveCfg = Debug|Any CPU
		{2059024C-3D32-4ED9-8AF3-063E3C2CFDCD}.Debug|x86.Build.0 = Debug|Any CPU
		{2059024C-3D32-4ED9-8AF3-063E3C2CFDCD}.Release|Any CPU.ActiveCfg = Release|Any CPU
		{2059024C-3D32-4ED9-8AF3-063E3C2CFDCD}.Release|Any CPU.Build.0 = Release|Any CPU
		{2059024C-3D32-4ED9-8AF3-063E3C2CFDCD}.Release|ARM.ActiveCfg = Release|Any CPU
		{2059024C-3D32-4ED9-8AF3-063E3C2CFDCD}.Release|ARM.Build.0 = Release|Any CPU
		{2059024C-3D32-4ED9-8AF3-063E3C2CFDCD}.Release|ARM64.ActiveCfg = Release|Any CPU
		{2059024C-3D32-4ED9-8AF3-063E3C2CFDCD}.Release|ARM64.Build.0 = Release|Any CPU
		{2059024C-3D32-4ED9-8AF3-063E3C2CFDCD}.Release|iPhone.ActiveCfg = Release|Any CPU
		{2059024C-3D32-4ED9-8AF3-063E3C2CFDCD}.Release|iPhone.Build.0 = Release|Any CPU
		{2059024C-3D32-4ED9-8AF3-063E3C2CFDCD}.Release|iPhoneSimulator.ActiveCfg = Release|Any CPU
		{2059024C-3D32-4ED9-8AF3-063E3C2CFDCD}.Release|iPhoneSimulator.Build.0 = Release|Any CPU
		{2059024C-3D32-4ED9-8AF3-063E3C2CFDCD}.Release|x64.ActiveCfg = Release|Any CPU
		{2059024C-3D32-4ED9-8AF3-063E3C2CFDCD}.Release|x64.Build.0 = Release|Any CPU
		{2059024C-3D32-4ED9-8AF3-063E3C2CFDCD}.Release|x86.ActiveCfg = Release|Any CPU
		{2059024C-3D32-4ED9-8AF3-063E3C2CFDCD}.Release|x86.Build.0 = Release|Any CPU
		{99146119-1788-4F73-8141-9BE9AA72B2DE}.Ad-Hoc|Any CPU.ActiveCfg = Debug|Any CPU
		{99146119-1788-4F73-8141-9BE9AA72B2DE}.Ad-Hoc|Any CPU.Build.0 = Debug|Any CPU
		{99146119-1788-4F73-8141-9BE9AA72B2DE}.Ad-Hoc|ARM.ActiveCfg = Debug|Any CPU
		{99146119-1788-4F73-8141-9BE9AA72B2DE}.Ad-Hoc|ARM.Build.0 = Debug|Any CPU
		{99146119-1788-4F73-8141-9BE9AA72B2DE}.Ad-Hoc|ARM64.ActiveCfg = Debug|Any CPU
		{99146119-1788-4F73-8141-9BE9AA72B2DE}.Ad-Hoc|ARM64.Build.0 = Debug|Any CPU
		{99146119-1788-4F73-8141-9BE9AA72B2DE}.Ad-Hoc|iPhone.ActiveCfg = Debug|Any CPU
		{99146119-1788-4F73-8141-9BE9AA72B2DE}.Ad-Hoc|iPhone.Build.0 = Debug|Any CPU
		{99146119-1788-4F73-8141-9BE9AA72B2DE}.Ad-Hoc|iPhoneSimulator.ActiveCfg = Debug|Any CPU
		{99146119-1788-4F73-8141-9BE9AA72B2DE}.Ad-Hoc|iPhoneSimulator.Build.0 = Debug|Any CPU
		{99146119-1788-4F73-8141-9BE9AA72B2DE}.Ad-Hoc|x64.ActiveCfg = Debug|Any CPU
		{99146119-1788-4F73-8141-9BE9AA72B2DE}.Ad-Hoc|x64.Build.0 = Debug|Any CPU
		{99146119-1788-4F73-8141-9BE9AA72B2DE}.Ad-Hoc|x86.ActiveCfg = Debug|Any CPU
		{99146119-1788-4F73-8141-9BE9AA72B2DE}.Ad-Hoc|x86.Build.0 = Debug|Any CPU
		{99146119-1788-4F73-8141-9BE9AA72B2DE}.AppStore|Any CPU.ActiveCfg = Debug|Any CPU
		{99146119-1788-4F73-8141-9BE9AA72B2DE}.AppStore|Any CPU.Build.0 = Debug|Any CPU
		{99146119-1788-4F73-8141-9BE9AA72B2DE}.AppStore|ARM.ActiveCfg = Debug|Any CPU
		{99146119-1788-4F73-8141-9BE9AA72B2DE}.AppStore|ARM.Build.0 = Debug|Any CPU
		{99146119-1788-4F73-8141-9BE9AA72B2DE}.AppStore|ARM64.ActiveCfg = Debug|Any CPU
		{99146119-1788-4F73-8141-9BE9AA72B2DE}.AppStore|ARM64.Build.0 = Debug|Any CPU
		{99146119-1788-4F73-8141-9BE9AA72B2DE}.AppStore|iPhone.ActiveCfg = Debug|Any CPU
		{99146119-1788-4F73-8141-9BE9AA72B2DE}.AppStore|iPhone.Build.0 = Debug|Any CPU
		{99146119-1788-4F73-8141-9BE9AA72B2DE}.AppStore|iPhoneSimulator.ActiveCfg = Debug|Any CPU
		{99146119-1788-4F73-8141-9BE9AA72B2DE}.AppStore|iPhoneSimulator.Build.0 = Debug|Any CPU
		{99146119-1788-4F73-8141-9BE9AA72B2DE}.AppStore|x64.ActiveCfg = Debug|Any CPU
		{99146119-1788-4F73-8141-9BE9AA72B2DE}.AppStore|x64.Build.0 = Debug|Any CPU
		{99146119-1788-4F73-8141-9BE9AA72B2DE}.AppStore|x86.ActiveCfg = Debug|Any CPU
		{99146119-1788-4F73-8141-9BE9AA72B2DE}.AppStore|x86.Build.0 = Debug|Any CPU
		{99146119-1788-4F73-8141-9BE9AA72B2DE}.Debug|Any CPU.ActiveCfg = Debug|Any CPU
		{99146119-1788-4F73-8141-9BE9AA72B2DE}.Debug|Any CPU.Build.0 = Debug|Any CPU
		{99146119-1788-4F73-8141-9BE9AA72B2DE}.Debug|ARM.ActiveCfg = Debug|Any CPU
		{99146119-1788-4F73-8141-9BE9AA72B2DE}.Debug|ARM.Build.0 = Debug|Any CPU
		{99146119-1788-4F73-8141-9BE9AA72B2DE}.Debug|ARM64.ActiveCfg = Debug|Any CPU
		{99146119-1788-4F73-8141-9BE9AA72B2DE}.Debug|ARM64.Build.0 = Debug|Any CPU
		{99146119-1788-4F73-8141-9BE9AA72B2DE}.Debug|iPhone.ActiveCfg = Debug|Any CPU
		{99146119-1788-4F73-8141-9BE9AA72B2DE}.Debug|iPhone.Build.0 = Debug|Any CPU
		{99146119-1788-4F73-8141-9BE9AA72B2DE}.Debug|iPhoneSimulator.ActiveCfg = Debug|Any CPU
		{99146119-1788-4F73-8141-9BE9AA72B2DE}.Debug|iPhoneSimulator.Build.0 = Debug|Any CPU
		{99146119-1788-4F73-8141-9BE9AA72B2DE}.Debug|x64.ActiveCfg = Debug|Any CPU
		{99146119-1788-4F73-8141-9BE9AA72B2DE}.Debug|x64.Build.0 = Debug|Any CPU
		{99146119-1788-4F73-8141-9BE9AA72B2DE}.Debug|x86.ActiveCfg = Debug|Any CPU
		{99146119-1788-4F73-8141-9BE9AA72B2DE}.Debug|x86.Build.0 = Debug|Any CPU
		{99146119-1788-4F73-8141-9BE9AA72B2DE}.Release|Any CPU.ActiveCfg = Release|Any CPU
		{99146119-1788-4F73-8141-9BE9AA72B2DE}.Release|Any CPU.Build.0 = Release|Any CPU
		{99146119-1788-4F73-8141-9BE9AA72B2DE}.Release|ARM.ActiveCfg = Release|Any CPU
		{99146119-1788-4F73-8141-9BE9AA72B2DE}.Release|ARM.Build.0 = Release|Any CPU
		{99146119-1788-4F73-8141-9BE9AA72B2DE}.Release|ARM64.ActiveCfg = Release|Any CPU
		{99146119-1788-4F73-8141-9BE9AA72B2DE}.Release|ARM64.Build.0 = Release|Any CPU
		{99146119-1788-4F73-8141-9BE9AA72B2DE}.Release|iPhone.ActiveCfg = Release|Any CPU
		{99146119-1788-4F73-8141-9BE9AA72B2DE}.Release|iPhone.Build.0 = Release|Any CPU
		{99146119-1788-4F73-8141-9BE9AA72B2DE}.Release|iPhoneSimulator.ActiveCfg = Release|Any CPU
		{99146119-1788-4F73-8141-9BE9AA72B2DE}.Release|iPhoneSimulator.Build.0 = Release|Any CPU
		{99146119-1788-4F73-8141-9BE9AA72B2DE}.Release|x64.ActiveCfg = Release|Any CPU
		{99146119-1788-4F73-8141-9BE9AA72B2DE}.Release|x64.Build.0 = Release|Any CPU
		{99146119-1788-4F73-8141-9BE9AA72B2DE}.Release|x86.ActiveCfg = Release|Any CPU
		{99146119-1788-4F73-8141-9BE9AA72B2DE}.Release|x86.Build.0 = Release|Any CPU
		{4D25B73E-E31F-4E03-AD95-1DC5ACA46077}.Ad-Hoc|Any CPU.ActiveCfg = Debug|Any CPU
		{4D25B73E-E31F-4E03-AD95-1DC5ACA46077}.Ad-Hoc|Any CPU.Build.0 = Debug|Any CPU
		{4D25B73E-E31F-4E03-AD95-1DC5ACA46077}.Ad-Hoc|ARM.ActiveCfg = Debug|Any CPU
		{4D25B73E-E31F-4E03-AD95-1DC5ACA46077}.Ad-Hoc|ARM.Build.0 = Debug|Any CPU
		{4D25B73E-E31F-4E03-AD95-1DC5ACA46077}.Ad-Hoc|ARM64.ActiveCfg = Debug|Any CPU
		{4D25B73E-E31F-4E03-AD95-1DC5ACA46077}.Ad-Hoc|ARM64.Build.0 = Debug|Any CPU
		{4D25B73E-E31F-4E03-AD95-1DC5ACA46077}.Ad-Hoc|iPhone.ActiveCfg = Debug|Any CPU
		{4D25B73E-E31F-4E03-AD95-1DC5ACA46077}.Ad-Hoc|iPhone.Build.0 = Debug|Any CPU
		{4D25B73E-E31F-4E03-AD95-1DC5ACA46077}.Ad-Hoc|iPhoneSimulator.ActiveCfg = Debug|Any CPU
		{4D25B73E-E31F-4E03-AD95-1DC5ACA46077}.Ad-Hoc|iPhoneSimulator.Build.0 = Debug|Any CPU
		{4D25B73E-E31F-4E03-AD95-1DC5ACA46077}.Ad-Hoc|x64.ActiveCfg = Debug|Any CPU
		{4D25B73E-E31F-4E03-AD95-1DC5ACA46077}.Ad-Hoc|x64.Build.0 = Debug|Any CPU
		{4D25B73E-E31F-4E03-AD95-1DC5ACA46077}.Ad-Hoc|x86.ActiveCfg = Debug|Any CPU
		{4D25B73E-E31F-4E03-AD95-1DC5ACA46077}.Ad-Hoc|x86.Build.0 = Debug|Any CPU
		{4D25B73E-E31F-4E03-AD95-1DC5ACA46077}.AppStore|Any CPU.ActiveCfg = Debug|Any CPU
		{4D25B73E-E31F-4E03-AD95-1DC5ACA46077}.AppStore|Any CPU.Build.0 = Debug|Any CPU
		{4D25B73E-E31F-4E03-AD95-1DC5ACA46077}.AppStore|ARM.ActiveCfg = Debug|Any CPU
		{4D25B73E-E31F-4E03-AD95-1DC5ACA46077}.AppStore|ARM.Build.0 = Debug|Any CPU
		{4D25B73E-E31F-4E03-AD95-1DC5ACA46077}.AppStore|ARM64.ActiveCfg = Debug|Any CPU
		{4D25B73E-E31F-4E03-AD95-1DC5ACA46077}.AppStore|ARM64.Build.0 = Debug|Any CPU
		{4D25B73E-E31F-4E03-AD95-1DC5ACA46077}.AppStore|iPhone.ActiveCfg = Debug|Any CPU
		{4D25B73E-E31F-4E03-AD95-1DC5ACA46077}.AppStore|iPhone.Build.0 = Debug|Any CPU
		{4D25B73E-E31F-4E03-AD95-1DC5ACA46077}.AppStore|iPhoneSimulator.ActiveCfg = Debug|Any CPU
		{4D25B73E-E31F-4E03-AD95-1DC5ACA46077}.AppStore|iPhoneSimulator.Build.0 = Debug|Any CPU
		{4D25B73E-E31F-4E03-AD95-1DC5ACA46077}.AppStore|x64.ActiveCfg = Debug|Any CPU
		{4D25B73E-E31F-4E03-AD95-1DC5ACA46077}.AppStore|x64.Build.0 = Debug|Any CPU
		{4D25B73E-E31F-4E03-AD95-1DC5ACA46077}.AppStore|x86.ActiveCfg = Debug|Any CPU
		{4D25B73E-E31F-4E03-AD95-1DC5ACA46077}.AppStore|x86.Build.0 = Debug|Any CPU
		{4D25B73E-E31F-4E03-AD95-1DC5ACA46077}.Debug|Any CPU.ActiveCfg = Debug|Any CPU
		{4D25B73E-E31F-4E03-AD95-1DC5ACA46077}.Debug|Any CPU.Build.0 = Debug|Any CPU
		{4D25B73E-E31F-4E03-AD95-1DC5ACA46077}.Debug|ARM.ActiveCfg = Debug|Any CPU
		{4D25B73E-E31F-4E03-AD95-1DC5ACA46077}.Debug|ARM.Build.0 = Debug|Any CPU
		{4D25B73E-E31F-4E03-AD95-1DC5ACA46077}.Debug|ARM64.ActiveCfg = Debug|Any CPU
		{4D25B73E-E31F-4E03-AD95-1DC5ACA46077}.Debug|ARM64.Build.0 = Debug|Any CPU
		{4D25B73E-E31F-4E03-AD95-1DC5ACA46077}.Debug|iPhone.ActiveCfg = Debug|Any CPU
		{4D25B73E-E31F-4E03-AD95-1DC5ACA46077}.Debug|iPhone.Build.0 = Debug|Any CPU
		{4D25B73E-E31F-4E03-AD95-1DC5ACA46077}.Debug|iPhoneSimulator.ActiveCfg = Debug|Any CPU
		{4D25B73E-E31F-4E03-AD95-1DC5ACA46077}.Debug|iPhoneSimulator.Build.0 = Debug|Any CPU
		{4D25B73E-E31F-4E03-AD95-1DC5ACA46077}.Debug|x64.ActiveCfg = Debug|Any CPU
		{4D25B73E-E31F-4E03-AD95-1DC5ACA46077}.Debug|x64.Build.0 = Debug|Any CPU
		{4D25B73E-E31F-4E03-AD95-1DC5ACA46077}.Debug|x86.ActiveCfg = Debug|Any CPU
		{4D25B73E-E31F-4E03-AD95-1DC5ACA46077}.Debug|x86.Build.0 = Debug|Any CPU
		{4D25B73E-E31F-4E03-AD95-1DC5ACA46077}.Release|Any CPU.ActiveCfg = Release|Any CPU
		{4D25B73E-E31F-4E03-AD95-1DC5ACA46077}.Release|Any CPU.Build.0 = Release|Any CPU
		{4D25B73E-E31F-4E03-AD95-1DC5ACA46077}.Release|ARM.ActiveCfg = Release|Any CPU
		{4D25B73E-E31F-4E03-AD95-1DC5ACA46077}.Release|ARM.Build.0 = Release|Any CPU
		{4D25B73E-E31F-4E03-AD95-1DC5ACA46077}.Release|ARM64.ActiveCfg = Release|Any CPU
		{4D25B73E-E31F-4E03-AD95-1DC5ACA46077}.Release|ARM64.Build.0 = Release|Any CPU
		{4D25B73E-E31F-4E03-AD95-1DC5ACA46077}.Release|iPhone.ActiveCfg = Release|Any CPU
		{4D25B73E-E31F-4E03-AD95-1DC5ACA46077}.Release|iPhone.Build.0 = Release|Any CPU
		{4D25B73E-E31F-4E03-AD95-1DC5ACA46077}.Release|iPhoneSimulator.ActiveCfg = Release|Any CPU
		{4D25B73E-E31F-4E03-AD95-1DC5ACA46077}.Release|iPhoneSimulator.Build.0 = Release|Any CPU
		{4D25B73E-E31F-4E03-AD95-1DC5ACA46077}.Release|x64.ActiveCfg = Release|Any CPU
		{4D25B73E-E31F-4E03-AD95-1DC5ACA46077}.Release|x64.Build.0 = Release|Any CPU
		{4D25B73E-E31F-4E03-AD95-1DC5ACA46077}.Release|x86.ActiveCfg = Release|Any CPU
		{4D25B73E-E31F-4E03-AD95-1DC5ACA46077}.Release|x86.Build.0 = Release|Any CPU
		{2B8CFAAE-9DD7-4FCD-9157-82EFFDC64307}.Ad-Hoc|Any CPU.ActiveCfg = Debug|Any CPU
		{2B8CFAAE-9DD7-4FCD-9157-82EFFDC64307}.Ad-Hoc|Any CPU.Build.0 = Debug|Any CPU
		{2B8CFAAE-9DD7-4FCD-9157-82EFFDC64307}.Ad-Hoc|ARM.ActiveCfg = Debug|Any CPU
		{2B8CFAAE-9DD7-4FCD-9157-82EFFDC64307}.Ad-Hoc|ARM.Build.0 = Debug|Any CPU
		{2B8CFAAE-9DD7-4FCD-9157-82EFFDC64307}.Ad-Hoc|ARM64.ActiveCfg = Debug|Any CPU
		{2B8CFAAE-9DD7-4FCD-9157-82EFFDC64307}.Ad-Hoc|ARM64.Build.0 = Debug|Any CPU
		{2B8CFAAE-9DD7-4FCD-9157-82EFFDC64307}.Ad-Hoc|iPhone.ActiveCfg = Debug|Any CPU
		{2B8CFAAE-9DD7-4FCD-9157-82EFFDC64307}.Ad-Hoc|iPhone.Build.0 = Debug|Any CPU
		{2B8CFAAE-9DD7-4FCD-9157-82EFFDC64307}.Ad-Hoc|iPhoneSimulator.ActiveCfg = Debug|Any CPU
		{2B8CFAAE-9DD7-4FCD-9157-82EFFDC64307}.Ad-Hoc|iPhoneSimulator.Build.0 = Debug|Any CPU
		{2B8CFAAE-9DD7-4FCD-9157-82EFFDC64307}.Ad-Hoc|x64.ActiveCfg = Debug|Any CPU
		{2B8CFAAE-9DD7-4FCD-9157-82EFFDC64307}.Ad-Hoc|x64.Build.0 = Debug|Any CPU
		{2B8CFAAE-9DD7-4FCD-9157-82EFFDC64307}.Ad-Hoc|x86.ActiveCfg = Debug|Any CPU
		{2B8CFAAE-9DD7-4FCD-9157-82EFFDC64307}.Ad-Hoc|x86.Build.0 = Debug|Any CPU
		{2B8CFAAE-9DD7-4FCD-9157-82EFFDC64307}.AppStore|Any CPU.ActiveCfg = Debug|Any CPU
		{2B8CFAAE-9DD7-4FCD-9157-82EFFDC64307}.AppStore|Any CPU.Build.0 = Debug|Any CPU
		{2B8CFAAE-9DD7-4FCD-9157-82EFFDC64307}.AppStore|ARM.ActiveCfg = Debug|Any CPU
		{2B8CFAAE-9DD7-4FCD-9157-82EFFDC64307}.AppStore|ARM.Build.0 = Debug|Any CPU
		{2B8CFAAE-9DD7-4FCD-9157-82EFFDC64307}.AppStore|ARM64.ActiveCfg = Debug|Any CPU
		{2B8CFAAE-9DD7-4FCD-9157-82EFFDC64307}.AppStore|ARM64.Build.0 = Debug|Any CPU
		{2B8CFAAE-9DD7-4FCD-9157-82EFFDC64307}.AppStore|iPhone.ActiveCfg = Debug|Any CPU
		{2B8CFAAE-9DD7-4FCD-9157-82EFFDC64307}.AppStore|iPhone.Build.0 = Debug|Any CPU
		{2B8CFAAE-9DD7-4FCD-9157-82EFFDC64307}.AppStore|iPhoneSimulator.ActiveCfg = Debug|Any CPU
		{2B8CFAAE-9DD7-4FCD-9157-82EFFDC64307}.AppStore|iPhoneSimulator.Build.0 = Debug|Any CPU
		{2B8CFAAE-9DD7-4FCD-9157-82EFFDC64307}.AppStore|x64.ActiveCfg = Debug|Any CPU
		{2B8CFAAE-9DD7-4FCD-9157-82EFFDC64307}.AppStore|x64.Build.0 = Debug|Any CPU
		{2B8CFAAE-9DD7-4FCD-9157-82EFFDC64307}.AppStore|x86.ActiveCfg = Debug|Any CPU
		{2B8CFAAE-9DD7-4FCD-9157-82EFFDC64307}.AppStore|x86.Build.0 = Debug|Any CPU
		{2B8CFAAE-9DD7-4FCD-9157-82EFFDC64307}.Debug|Any CPU.ActiveCfg = Debug|Any CPU
		{2B8CFAAE-9DD7-4FCD-9157-82EFFDC64307}.Debug|Any CPU.Build.0 = Debug|Any CPU
		{2B8CFAAE-9DD7-4FCD-9157-82EFFDC64307}.Debug|ARM.ActiveCfg = Debug|Any CPU
		{2B8CFAAE-9DD7-4FCD-9157-82EFFDC64307}.Debug|ARM.Build.0 = Debug|Any CPU
		{2B8CFAAE-9DD7-4FCD-9157-82EFFDC64307}.Debug|ARM64.ActiveCfg = Debug|Any CPU
		{2B8CFAAE-9DD7-4FCD-9157-82EFFDC64307}.Debug|ARM64.Build.0 = Debug|Any CPU
		{2B8CFAAE-9DD7-4FCD-9157-82EFFDC64307}.Debug|iPhone.ActiveCfg = Debug|Any CPU
		{2B8CFAAE-9DD7-4FCD-9157-82EFFDC64307}.Debug|iPhone.Build.0 = Debug|Any CPU
		{2B8CFAAE-9DD7-4FCD-9157-82EFFDC64307}.Debug|iPhoneSimulator.ActiveCfg = Debug|Any CPU
		{2B8CFAAE-9DD7-4FCD-9157-82EFFDC64307}.Debug|iPhoneSimulator.Build.0 = Debug|Any CPU
		{2B8CFAAE-9DD7-4FCD-9157-82EFFDC64307}.Debug|x64.ActiveCfg = Debug|Any CPU
		{2B8CFAAE-9DD7-4FCD-9157-82EFFDC64307}.Debug|x64.Build.0 = Debug|Any CPU
		{2B8CFAAE-9DD7-4FCD-9157-82EFFDC64307}.Debug|x86.ActiveCfg = Debug|Any CPU
		{2B8CFAAE-9DD7-4FCD-9157-82EFFDC64307}.Debug|x86.Build.0 = Debug|Any CPU
		{2B8CFAAE-9DD7-4FCD-9157-82EFFDC64307}.Release|Any CPU.ActiveCfg = Release|Any CPU
		{2B8CFAAE-9DD7-4FCD-9157-82EFFDC64307}.Release|Any CPU.Build.0 = Release|Any CPU
		{2B8CFAAE-9DD7-4FCD-9157-82EFFDC64307}.Release|ARM.ActiveCfg = Release|Any CPU
		{2B8CFAAE-9DD7-4FCD-9157-82EFFDC64307}.Release|ARM.Build.0 = Release|Any CPU
		{2B8CFAAE-9DD7-4FCD-9157-82EFFDC64307}.Release|ARM64.ActiveCfg = Release|Any CPU
		{2B8CFAAE-9DD7-4FCD-9157-82EFFDC64307}.Release|ARM64.Build.0 = Release|Any CPU
		{2B8CFAAE-9DD7-4FCD-9157-82EFFDC64307}.Release|iPhone.ActiveCfg = Release|Any CPU
		{2B8CFAAE-9DD7-4FCD-9157-82EFFDC64307}.Release|iPhone.Build.0 = Release|Any CPU
		{2B8CFAAE-9DD7-4FCD-9157-82EFFDC64307}.Release|iPhoneSimulator.ActiveCfg = Release|Any CPU
		{2B8CFAAE-9DD7-4FCD-9157-82EFFDC64307}.Release|iPhoneSimulator.Build.0 = Release|Any CPU
		{2B8CFAAE-9DD7-4FCD-9157-82EFFDC64307}.Release|x64.ActiveCfg = Release|Any CPU
		{2B8CFAAE-9DD7-4FCD-9157-82EFFDC64307}.Release|x64.Build.0 = Release|Any CPU
		{2B8CFAAE-9DD7-4FCD-9157-82EFFDC64307}.Release|x86.ActiveCfg = Release|Any CPU
		{2B8CFAAE-9DD7-4FCD-9157-82EFFDC64307}.Release|x86.Build.0 = Release|Any CPU
		{5B28E28B-03EE-4441-953B-F20126D5071C}.Ad-Hoc|Any CPU.ActiveCfg = Debug|Any CPU
		{5B28E28B-03EE-4441-953B-F20126D5071C}.Ad-Hoc|Any CPU.Build.0 = Debug|Any CPU
		{5B28E28B-03EE-4441-953B-F20126D5071C}.Ad-Hoc|ARM.ActiveCfg = Debug|Any CPU
		{5B28E28B-03EE-4441-953B-F20126D5071C}.Ad-Hoc|ARM.Build.0 = Debug|Any CPU
		{5B28E28B-03EE-4441-953B-F20126D5071C}.Ad-Hoc|ARM64.ActiveCfg = Debug|Any CPU
		{5B28E28B-03EE-4441-953B-F20126D5071C}.Ad-Hoc|ARM64.Build.0 = Debug|Any CPU
		{5B28E28B-03EE-4441-953B-F20126D5071C}.Ad-Hoc|iPhone.ActiveCfg = Debug|Any CPU
		{5B28E28B-03EE-4441-953B-F20126D5071C}.Ad-Hoc|iPhone.Build.0 = Debug|Any CPU
		{5B28E28B-03EE-4441-953B-F20126D5071C}.Ad-Hoc|iPhoneSimulator.ActiveCfg = Debug|Any CPU
		{5B28E28B-03EE-4441-953B-F20126D5071C}.Ad-Hoc|iPhoneSimulator.Build.0 = Debug|Any CPU
		{5B28E28B-03EE-4441-953B-F20126D5071C}.Ad-Hoc|x64.ActiveCfg = Debug|Any CPU
		{5B28E28B-03EE-4441-953B-F20126D5071C}.Ad-Hoc|x64.Build.0 = Debug|Any CPU
		{5B28E28B-03EE-4441-953B-F20126D5071C}.Ad-Hoc|x86.ActiveCfg = Debug|Any CPU
		{5B28E28B-03EE-4441-953B-F20126D5071C}.Ad-Hoc|x86.Build.0 = Debug|Any CPU
		{5B28E28B-03EE-4441-953B-F20126D5071C}.AppStore|Any CPU.ActiveCfg = Debug|Any CPU
		{5B28E28B-03EE-4441-953B-F20126D5071C}.AppStore|Any CPU.Build.0 = Debug|Any CPU
		{5B28E28B-03EE-4441-953B-F20126D5071C}.AppStore|ARM.ActiveCfg = Debug|Any CPU
		{5B28E28B-03EE-4441-953B-F20126D5071C}.AppStore|ARM.Build.0 = Debug|Any CPU
		{5B28E28B-03EE-4441-953B-F20126D5071C}.AppStore|ARM64.ActiveCfg = Debug|Any CPU
		{5B28E28B-03EE-4441-953B-F20126D5071C}.AppStore|ARM64.Build.0 = Debug|Any CPU
		{5B28E28B-03EE-4441-953B-F20126D5071C}.AppStore|iPhone.ActiveCfg = Debug|Any CPU
		{5B28E28B-03EE-4441-953B-F20126D5071C}.AppStore|iPhone.Build.0 = Debug|Any CPU
		{5B28E28B-03EE-4441-953B-F20126D5071C}.AppStore|iPhoneSimulator.ActiveCfg = Debug|Any CPU
		{5B28E28B-03EE-4441-953B-F20126D5071C}.AppStore|iPhoneSimulator.Build.0 = Debug|Any CPU
		{5B28E28B-03EE-4441-953B-F20126D5071C}.AppStore|x64.ActiveCfg = Debug|Any CPU
		{5B28E28B-03EE-4441-953B-F20126D5071C}.AppStore|x64.Build.0 = Debug|Any CPU
		{5B28E28B-03EE-4441-953B-F20126D5071C}.AppStore|x86.ActiveCfg = Debug|Any CPU
		{5B28E28B-03EE-4441-953B-F20126D5071C}.AppStore|x86.Build.0 = Debug|Any CPU
		{5B28E28B-03EE-4441-953B-F20126D5071C}.Debug|Any CPU.ActiveCfg = Debug|Any CPU
		{5B28E28B-03EE-4441-953B-F20126D5071C}.Debug|Any CPU.Build.0 = Debug|Any CPU
		{5B28E28B-03EE-4441-953B-F20126D5071C}.Debug|ARM.ActiveCfg = Debug|Any CPU
		{5B28E28B-03EE-4441-953B-F20126D5071C}.Debug|ARM.Build.0 = Debug|Any CPU
		{5B28E28B-03EE-4441-953B-F20126D5071C}.Debug|ARM64.ActiveCfg = Debug|Any CPU
		{5B28E28B-03EE-4441-953B-F20126D5071C}.Debug|ARM64.Build.0 = Debug|Any CPU
		{5B28E28B-03EE-4441-953B-F20126D5071C}.Debug|iPhone.ActiveCfg = Debug|Any CPU
		{5B28E28B-03EE-4441-953B-F20126D5071C}.Debug|iPhone.Build.0 = Debug|Any CPU
		{5B28E28B-03EE-4441-953B-F20126D5071C}.Debug|iPhoneSimulator.ActiveCfg = Debug|Any CPU
		{5B28E28B-03EE-4441-953B-F20126D5071C}.Debug|iPhoneSimulator.Build.0 = Debug|Any CPU
		{5B28E28B-03EE-4441-953B-F20126D5071C}.Debug|x64.ActiveCfg = Debug|Any CPU
		{5B28E28B-03EE-4441-953B-F20126D5071C}.Debug|x64.Build.0 = Debug|Any CPU
		{5B28E28B-03EE-4441-953B-F20126D5071C}.Debug|x86.ActiveCfg = Debug|Any CPU
		{5B28E28B-03EE-4441-953B-F20126D5071C}.Debug|x86.Build.0 = Debug|Any CPU
		{5B28E28B-03EE-4441-953B-F20126D5071C}.Release|Any CPU.ActiveCfg = Release|Any CPU
		{5B28E28B-03EE-4441-953B-F20126D5071C}.Release|Any CPU.Build.0 = Release|Any CPU
		{5B28E28B-03EE-4441-953B-F20126D5071C}.Release|ARM.ActiveCfg = Release|Any CPU
		{5B28E28B-03EE-4441-953B-F20126D5071C}.Release|ARM.Build.0 = Release|Any CPU
		{5B28E28B-03EE-4441-953B-F20126D5071C}.Release|ARM64.ActiveCfg = Release|Any CPU
		{5B28E28B-03EE-4441-953B-F20126D5071C}.Release|ARM64.Build.0 = Release|Any CPU
		{5B28E28B-03EE-4441-953B-F20126D5071C}.Release|iPhone.ActiveCfg = Release|Any CPU
		{5B28E28B-03EE-4441-953B-F20126D5071C}.Release|iPhone.Build.0 = Release|Any CPU
		{5B28E28B-03EE-4441-953B-F20126D5071C}.Release|iPhoneSimulator.ActiveCfg = Release|Any CPU
		{5B28E28B-03EE-4441-953B-F20126D5071C}.Release|iPhoneSimulator.Build.0 = Release|Any CPU
		{5B28E28B-03EE-4441-953B-F20126D5071C}.Release|x64.ActiveCfg = Release|Any CPU
		{5B28E28B-03EE-4441-953B-F20126D5071C}.Release|x64.Build.0 = Release|Any CPU
		{5B28E28B-03EE-4441-953B-F20126D5071C}.Release|x86.ActiveCfg = Release|Any CPU
		{5B28E28B-03EE-4441-953B-F20126D5071C}.Release|x86.Build.0 = Release|Any CPU
	EndGlobalSection
	GlobalSection(SolutionProperties) = preSolution
		HideSolutionNode = FALSE
	EndGlobalSection
	GlobalSection(NestedProjects) = preSolution
		{7AC5B21C-E909-4D66-A9BC-F92525720E49} = {F399C21F-8870-45E5-B7CD-40F93500CF31}
		{98977187-0556-4ECD-A867-5FE5DAFE508B} = {F399C21F-8870-45E5-B7CD-40F93500CF31}
		{6279C845-92F8-4333-AB99-3D213163593C} = {3E4D06C1-560B-4015-80AB-7B2BC13AA769}
		{FD666E7F-8747-4479-82BA-65E3386EA52C} = {3E4D06C1-560B-4015-80AB-7B2BC13AA769}
		{B46C2AD1-6719-4EF3-B07D-8300FAD34C1A} = {FD666E7F-8747-4479-82BA-65E3386EA52C}
		{65232EED-0A5A-4B6D-8736-7FA1FFCF2EE9} = {FD666E7F-8747-4479-82BA-65E3386EA52C}
		{828F151E-E097-4B1D-92EE-AA5D2A231950} = {FD666E7F-8747-4479-82BA-65E3386EA52C}
		{EAA317A1-168A-41E7-AA00-900470A1979C} = {FD666E7F-8747-4479-82BA-65E3386EA52C}
		{8A1AAECC-43BD-4B2E-8BA6-FC824E71BA22} = {FD666E7F-8747-4479-82BA-65E3386EA52C}
		{CAC7985F-D75E-43CC-8669-8134EBE849BF} = {FD666E7F-8747-4479-82BA-65E3386EA52C}
		{2059024C-3D32-4ED9-8AF3-063E3C2CFDCD} = {FD666E7F-8747-4479-82BA-65E3386EA52C}
		{99146119-1788-4F73-8141-9BE9AA72B2DE} = {FD666E7F-8747-4479-82BA-65E3386EA52C}
		{4D25B73E-E31F-4E03-AD95-1DC5ACA46077} = {FD666E7F-8747-4479-82BA-65E3386EA52C}
		{2B8CFAAE-9DD7-4FCD-9157-82EFFDC64307} = {F399C21F-8870-45E5-B7CD-40F93500CF31}
		{5B28E28B-03EE-4441-953B-F20126D5071C} = {F399C21F-8870-45E5-B7CD-40F93500CF31}
	EndGlobalSection
	GlobalSection(ExtensibilityGlobals) = postSolution
		SolutionGuid = {61F7FB11-1E47-470C-91E2-47F8143E1572}
	EndGlobalSection
EndGlobal
